// !$*UTF8*$!
{
	archiveVersion = 1;
	classes = {
	};
	objectVersion = 56;
	objects = {

/* Begin PBXBuildFile section */
		7E37CEBA2B48484200700075 /* CustomNavigationBarView.swift in Sources */ = {isa = PBXBuildFile; fileRef = 7E37CEB92B48484200700075 /* CustomNavigationBarView.swift */; };
		7E37CEBC2B484C5500700075 /* Resources.swift in Sources */ = {isa = PBXBuildFile; fileRef = 7E37CEBB2B484C5500700075 /* Resources.swift */; };
		7E37CEC02B484D7400700075 /* UIView + Extension.swift in Sources */ = {isa = PBXBuildFile; fileRef = 7E37CEBF2B484D7400700075 /* UIView + Extension.swift */; };
		7E37CECE2B4C3CB900700075 /* ToDoViewControllerTableViewProvider.swift in Sources */ = {isa = PBXBuildFile; fileRef = 7E37CECD2B4C3CB900700075 /* ToDoViewControllerTableViewProvider.swift */; };
		7E37CED02B4C3E1B00700075 /* ToDoTableViewCell.swift in Sources */ = {isa = PBXBuildFile; fileRef = 7E37CECF2B4C3E1B00700075 /* ToDoTableViewCell.swift */; };
		7E37CED22B4C44BF00700075 /* UIConstants.swift in Sources */ = {isa = PBXBuildFile; fileRef = 7E37CED12B4C44BF00700075 /* UIConstants.swift */; };
		7E37CED42B4C4DD600700075 /* ToDoTableViewHeaderView.swift in Sources */ = {isa = PBXBuildFile; fileRef = 7E37CED32B4C4DD600700075 /* ToDoTableViewHeaderView.swift */; };
		7E83352B2B4D1F4B008E4C44 /* Task.swift in Sources */ = {isa = PBXBuildFile; fileRef = 7E83352A2B4D1F4B008E4C44 /* Task.swift */; };
		7E83352D2B4D200C008E4C44 /* TimeBlock.swift in Sources */ = {isa = PBXBuildFile; fileRef = 7E83352C2B4D200C008E4C44 /* TimeBlock.swift */; };
		7EA203932B47FE3200A9F2A3 /* AppDelegate.swift in Sources */ = {isa = PBXBuildFile; fileRef = 7EA203922B47FE3200A9F2A3 /* AppDelegate.swift */; };
		7EA203972B47FE3200A9F2A3 /* ToDoViewController.swift in Sources */ = {isa = PBXBuildFile; fileRef = 7EA203962B47FE3200A9F2A3 /* ToDoViewController.swift */; };
		7EA2039C2B47FE3300A9F2A3 /* Assets.xcassets in Resources */ = {isa = PBXBuildFile; fileRef = 7EA2039B2B47FE3300A9F2A3 /* Assets.xcassets */; };
		7EA2039F2B47FE3300A9F2A3 /* LaunchScreen.storyboard in Resources */ = {isa = PBXBuildFile; fileRef = 7EA2039D2B47FE3300A9F2A3 /* LaunchScreen.storyboard */; };
		7EA203AA2B4807FE00A9F2A3 /* Localizable.strings in Resources */ = {isa = PBXBuildFile; fileRef = 7EA203AC2B4807FE00A9F2A3 /* Localizable.strings */; };
		7EA203B12B48098400A9F2A3 /* Strings+Generated.swift in Sources */ = {isa = PBXBuildFile; fileRef = 7EA203B02B48098400A9F2A3 /* Strings+Generated.swift */; };
/* End PBXBuildFile section */

/* Begin PBXFileReference section */
		7E37CEB92B48484200700075 /* CustomNavigationBarView.swift */ = {isa = PBXFileReference; lastKnownFileType = sourcecode.swift; path = CustomNavigationBarView.swift; sourceTree = "<group>"; };
		7E37CEBB2B484C5500700075 /* Resources.swift */ = {isa = PBXFileReference; lastKnownFileType = sourcecode.swift; path = Resources.swift; sourceTree = "<group>"; };
		7E37CEBF2B484D7400700075 /* UIView + Extension.swift */ = {isa = PBXFileReference; lastKnownFileType = sourcecode.swift; path = "UIView + Extension.swift"; sourceTree = "<group>"; };
		7E37CECD2B4C3CB900700075 /* ToDoViewControllerTableViewProvider.swift */ = {isa = PBXFileReference; lastKnownFileType = sourcecode.swift; path = ToDoViewControllerTableViewProvider.swift; sourceTree = "<group>"; };
		7E37CECF2B4C3E1B00700075 /* ToDoTableViewCell.swift */ = {isa = PBXFileReference; lastKnownFileType = sourcecode.swift; path = ToDoTableViewCell.swift; sourceTree = "<group>"; };
		7E37CED12B4C44BF00700075 /* UIConstants.swift */ = {isa = PBXFileReference; lastKnownFileType = sourcecode.swift; path = UIConstants.swift; sourceTree = "<group>"; };
		7E37CED32B4C4DD600700075 /* ToDoTableViewHeaderView.swift */ = {isa = PBXFileReference; lastKnownFileType = sourcecode.swift; path = ToDoTableViewHeaderView.swift; sourceTree = "<group>"; };
		7E83352A2B4D1F4B008E4C44 /* Task.swift */ = {isa = PBXFileReference; lastKnownFileType = sourcecode.swift; path = Task.swift; sourceTree = "<group>"; };
		7E83352C2B4D200C008E4C44 /* TimeBlock.swift */ = {isa = PBXFileReference; lastKnownFileType = sourcecode.swift; path = TimeBlock.swift; sourceTree = "<group>"; };
		7EA2038F2B47FE3200A9F2A3 /* SimbirDiary.app */ = {isa = PBXFileReference; explicitFileType = wrapper.application; includeInIndex = 0; path = SimbirDiary.app; sourceTree = BUILT_PRODUCTS_DIR; };
		7EA203922B47FE3200A9F2A3 /* AppDelegate.swift */ = {isa = PBXFileReference; lastKnownFileType = sourcecode.swift; path = AppDelegate.swift; sourceTree = "<group>"; };
		7EA203962B47FE3200A9F2A3 /* ToDoViewController.swift */ = {isa = PBXFileReference; lastKnownFileType = sourcecode.swift; path = ToDoViewController.swift; sourceTree = "<group>"; };
		7EA2039B2B47FE3300A9F2A3 /* Assets.xcassets */ = {isa = PBXFileReference; lastKnownFileType = folder.assetcatalog; path = Assets.xcassets; sourceTree = "<group>"; };
		7EA203A02B47FE3300A9F2A3 /* Info.plist */ = {isa = PBXFileReference; lastKnownFileType = text.plist.xml; path = Info.plist; sourceTree = "<group>"; };
		7EA203AB2B4807FE00A9F2A3 /* en */ = {isa = PBXFileReference; lastKnownFileType = text.plist.strings; name = en; path = en.lproj/Localizable.strings; sourceTree = "<group>"; };
		7EA203AE2B48083F00A9F2A3 /* ru */ = {isa = PBXFileReference; lastKnownFileType = text.plist.strings; name = ru; path = ru.lproj/Localizable.strings; sourceTree = "<group>"; };
		7EA203AF2B48085600A9F2A3 /* ru */ = {isa = PBXFileReference; lastKnownFileType = file.storyboard; name = ru; path = ru.lproj/LaunchScreen.storyboard; sourceTree = "<group>"; };
		7EA203B02B48098400A9F2A3 /* Strings+Generated.swift */ = {isa = PBXFileReference; fileEncoding = 4; lastKnownFileType = sourcecode.swift; path = "Strings+Generated.swift"; sourceTree = "<group>"; };
/* End PBXFileReference section */

/* Begin PBXFrameworksBuildPhase section */
		7EA2038C2B47FE3200A9F2A3 /* Frameworks */ = {
			isa = PBXFrameworksBuildPhase;
			buildActionMask = 2147483647;
			files = (
			);
			runOnlyForDeploymentPostprocessing = 0;
		};
/* End PBXFrameworksBuildPhase section */

/* Begin PBXGroup section */
		7E37CEB42B4847A600700075 /* Scenes */ = {
			isa = PBXGroup;
			children = (
				7E37CEB52B4847AF00700075 /* ToDoViewController */,
			);
			path = Scenes;
			sourceTree = "<group>";
		};
		7E37CEB52B4847AF00700075 /* ToDoViewController */ = {
			isa = PBXGroup;
			children = (
				7E37CECC2B4C3C9A00700075 /* TableViewProvider */,
				7E37CEB82B48483900700075 /* Views */,
				7EA203962B47FE3200A9F2A3 /* ToDoViewController.swift */,
			);
			path = ToDoViewController;
			sourceTree = "<group>";
		};
		7E37CEB82B48483900700075 /* Views */ = {
			isa = PBXGroup;
			children = (
				7E37CEB92B48484200700075 /* CustomNavigationBarView.swift */,
			);
			path = Views;
			sourceTree = "<group>";
		};
		7E37CEBE2B484D6400700075 /* Extensions */ = {
			isa = PBXGroup;
			children = (
				7E37CEBF2B484D7400700075 /* UIView + Extension.swift */,
			);
			path = Extensions;
			sourceTree = "<group>";
		};
		7E37CECC2B4C3C9A00700075 /* TableViewProvider */ = {
			isa = PBXGroup;
			children = (
				7E37CECD2B4C3CB900700075 /* ToDoViewControllerTableViewProvider.swift */,
				7E37CECF2B4C3E1B00700075 /* ToDoTableViewCell.swift */,
				7E37CED32B4C4DD600700075 /* ToDoTableViewHeaderView.swift */,
			);
			path = TableViewProvider;
			sourceTree = "<group>";
		};
		7E8335292B4D1F40008E4C44 /* Models */ = {
			isa = PBXGroup;
			children = (
				7E83352A2B4D1F4B008E4C44 /* Task.swift */,
				7E83352C2B4D200C008E4C44 /* TimeBlock.swift */,
			);
			path = Models;
			sourceTree = "<group>";
		};
		7EA203862B47FE3200A9F2A3 = {
			isa = PBXGroup;
			children = (
				7EA203912B47FE3200A9F2A3 /* SimbirDiary */,
				7EA203902B47FE3200A9F2A3 /* Products */,
			);
			sourceTree = "<group>";
		};
		7EA203902B47FE3200A9F2A3 /* Products */ = {
			isa = PBXGroup;
			children = (
				7EA2038F2B47FE3200A9F2A3 /* SimbirDiary.app */,
			);
			name = Products;
			sourceTree = "<group>";
		};
		7EA203912B47FE3200A9F2A3 /* SimbirDiary */ = {
			isa = PBXGroup;
			children = (
				7EA203922B47FE3200A9F2A3 /* AppDelegate.swift */,
				7E8335292B4D1F40008E4C44 /* Models */,
				7E37CEB42B4847A600700075 /* Scenes */,
				7EA203A62B4807DC00A9F2A3 /* Resources */,
				7E37CEBE2B484D6400700075 /* Extensions */,
				7EA2039B2B47FE3300A9F2A3 /* Assets.xcassets */,
				7EA2039D2B47FE3300A9F2A3 /* LaunchScreen.storyboard */,
				7EA203A02B47FE3300A9F2A3 /* Info.plist */,
			);
			path = SimbirDiary;
			sourceTree = "<group>";
		};
		7EA203A62B4807DC00A9F2A3 /* Resources */ = {
			isa = PBXGroup;
			children = (
				7EA203A72B4807E200A9F2A3 /* Localizable */,
				7E37CEBB2B484C5500700075 /* Resources.swift */,
				7E37CED12B4C44BF00700075 /* UIConstants.swift */,
			);
			path = Resources;
			sourceTree = "<group>";
		};
		7EA203A72B4807E200A9F2A3 /* Localizable */ = {
			isa = PBXGroup;
			children = (
				7EA203B02B48098400A9F2A3 /* Strings+Generated.swift */,
				7EA203AC2B4807FE00A9F2A3 /* Localizable.strings */,
			);
			path = Localizable;
			sourceTree = "<group>";
		};
/* End PBXGroup section */

/* Begin PBXNativeTarget section */
		7EA2038E2B47FE3200A9F2A3 /* SimbirDiary */ = {
			isa = PBXNativeTarget;
			buildConfigurationList = 7EA203A32B47FE3300A9F2A3 /* Build configuration list for PBXNativeTarget "SimbirDiary" */;
			buildPhases = (
				7EA203B32B480B3C00A9F2A3 /* Swiftlint */,
				7EA203B22B48099900A9F2A3 /* SwiftGen */,
				7EA2038B2B47FE3200A9F2A3 /* Sources */,
				7EA2038C2B47FE3200A9F2A3 /* Frameworks */,
				7EA2038D2B47FE3200A9F2A3 /* Resources */,
			);
			buildRules = (
			);
			dependencies = (
			);
			name = SimbirDiary;
			productName = SimbirDiary;
			productReference = 7EA2038F2B47FE3200A9F2A3 /* SimbirDiary.app */;
			productType = "com.apple.product-type.application";
		};
/* End PBXNativeTarget section */

/* Begin PBXProject section */
		7EA203872B47FE3200A9F2A3 /* Project object */ = {
			isa = PBXProject;
			attributes = {
				BuildIndependentTargetsInParallel = 1;
				LastSwiftUpdateCheck = 1500;
				LastUpgradeCheck = 1500;
				TargetAttributes = {
					7EA2038E2B47FE3200A9F2A3 = {
						CreatedOnToolsVersion = 15.0.1;
					};
				};
			};
			buildConfigurationList = 7EA2038A2B47FE3200A9F2A3 /* Build configuration list for PBXProject "SimbirDiary" */;
			compatibilityVersion = "Xcode 14.0";
			developmentRegion = ru;
			hasScannedForEncodings = 0;
			knownRegions = (
				en,
				ru,
			);
			mainGroup = 7EA203862B47FE3200A9F2A3;
			productRefGroup = 7EA203902B47FE3200A9F2A3 /* Products */;
			projectDirPath = "";
			projectRoot = "";
			targets = (
				7EA2038E2B47FE3200A9F2A3 /* SimbirDiary */,
			);
		};
/* End PBXProject section */

/* Begin PBXResourcesBuildPhase section */
		7EA2038D2B47FE3200A9F2A3 /* Resources */ = {
			isa = PBXResourcesBuildPhase;
			buildActionMask = 2147483647;
			files = (
				7EA2039F2B47FE3300A9F2A3 /* LaunchScreen.storyboard in Resources */,
				7EA203AA2B4807FE00A9F2A3 /* Localizable.strings in Resources */,
				7EA2039C2B47FE3300A9F2A3 /* Assets.xcassets in Resources */,
			);
			runOnlyForDeploymentPostprocessing = 0;
		};
/* End PBXResourcesBuildPhase section */

/* Begin PBXShellScriptBuildPhase section */
		7EA203B22B48099900A9F2A3 /* SwiftGen */ = {
			isa = PBXShellScriptBuildPhase;
			alwaysOutOfDate = 1;
			buildActionMask = 2147483647;
			files = (
			);
			inputFileListPaths = (
			);
			inputPaths = (
			);
			name = SwiftGen;
			outputFileListPaths = (
			);
			outputPaths = (
			);
			runOnlyForDeploymentPostprocessing = 0;
			shellPath = /bin/sh;
			shellScript = "export PATH=\"$PATH:/opt/homebrew/bin\"\n\nif which swiftgen; then\n    swiftgen\nelse\n  echo \"warning: swiftgen not installed\"\nfi\n";
		};
		7EA203B32B480B3C00A9F2A3 /* Swiftlint */ = {
			isa = PBXShellScriptBuildPhase;
			alwaysOutOfDate = 1;
			buildActionMask = 2147483647;
			files = (
			);
			inputFileListPaths = (
			);
			inputPaths = (
			);
			name = Swiftlint;
			outputFileListPaths = (
			);
			outputPaths = (
			);
			runOnlyForDeploymentPostprocessing = 0;
			shellPath = /bin/sh;
			shellScript = "if [[ \"$(uname -m)\" == arm64 ]]; then\n    export PATH=\"/opt/homebrew/bin:$PATH\"\nfi\n\nif which swiftlint > /dev/null; then\n  swiftlint\nelse\n  echo \"warning: SwiftLint not installed, download from https://github.com/realm/SwiftLint\"\nfi\n";
		};
/* End PBXShellScriptBuildPhase section */

/* Begin PBXSourcesBuildPhase section */
		7EA2038B2B47FE3200A9F2A3 /* Sources */ = {
			isa = PBXSourcesBuildPhase;
			buildActionMask = 2147483647;
			files = (
				7E83352D2B4D200C008E4C44 /* TimeBlock.swift in Sources */,
				7E37CEBA2B48484200700075 /* CustomNavigationBarView.swift in Sources */,
				7E37CED42B4C4DD600700075 /* ToDoTableViewHeaderView.swift in Sources */,
				7EA203972B47FE3200A9F2A3 /* ToDoViewController.swift in Sources */,
				7E37CED22B4C44BF00700075 /* UIConstants.swift in Sources */,
				7E83352B2B4D1F4B008E4C44 /* Task.swift in Sources */,
				7EA203932B47FE3200A9F2A3 /* AppDelegate.swift in Sources */,
				7E37CED02B4C3E1B00700075 /* ToDoTableViewCell.swift in Sources */,
				7E37CECE2B4C3CB900700075 /* ToDoViewControllerTableViewProvider.swift in Sources */,
				7E37CEBC2B484C5500700075 /* Resources.swift in Sources */,
				7E37CEC02B484D7400700075 /* UIView + Extension.swift in Sources */,
				7EA203B12B48098400A9F2A3 /* Strings+Generated.swift in Sources */,
			);
			runOnlyForDeploymentPostprocessing = 0;
		};
/* End PBXSourcesBuildPhase section */

/* Begin PBXVariantGroup section */
		7EA2039D2B47FE3300A9F2A3 /* LaunchScreen.storyboard */ = {
			isa = PBXVariantGroup;
			children = (
				7EA203AF2B48085600A9F2A3 /* ru */,
			);
			name = LaunchScreen.storyboard;
			sourceTree = "<group>";
		};
		7EA203AC2B4807FE00A9F2A3 /* Localizable.strings */ = {
			isa = PBXVariantGroup;
			children = (
				7EA203AB2B4807FE00A9F2A3 /* en */,
				7EA203AE2B48083F00A9F2A3 /* ru */,
			);
			name = Localizable.strings;
			sourceTree = "<group>";
		};
/* End PBXVariantGroup section */

/* Begin XCBuildConfiguration section */
		7EA203A12B47FE3300A9F2A3 /* Debug */ = {
			isa = XCBuildConfiguration;
			buildSettings = {
				ALWAYS_SEARCH_USER_PATHS = NO;
				ASSETCATALOG_COMPILER_GENERATE_SWIFT_ASSET_SYMBOL_EXTENSIONS = YES;
				CLANG_ANALYZER_LOCALIZABILITY_NONLOCALIZED = YES;
				CLANG_ANALYZER_NONNULL = YES;
				CLANG_ANALYZER_NUMBER_OBJECT_CONVERSION = YES_AGGRESSIVE;
				CLANG_CXX_LANGUAGE_STANDARD = "gnu++20";
				CLANG_ENABLE_MODULES = YES;
				CLANG_ENABLE_OBJC_ARC = YES;
				CLANG_ENABLE_OBJC_WEAK = YES;
				CLANG_WARN_BLOCK_CAPTURE_AUTORELEASING = YES;
				CLANG_WARN_BOOL_CONVERSION = YES;
				CLANG_WARN_COMMA = YES;
				CLANG_WARN_CONSTANT_CONVERSION = YES;
				CLANG_WARN_DEPRECATED_OBJC_IMPLEMENTATIONS = YES;
				CLANG_WARN_DIRECT_OBJC_ISA_USAGE = YES_ERROR;
				CLANG_WARN_DOCUMENTATION_COMMENTS = YES;
				CLANG_WARN_EMPTY_BODY = YES;
				CLANG_WARN_ENUM_CONVERSION = YES;
				CLANG_WARN_INFINITE_RECURSION = YES;
				CLANG_WARN_INT_CONVERSION = YES;
				CLANG_WARN_NON_LITERAL_NULL_CONVERSION = YES;
				CLANG_WARN_OBJC_IMPLICIT_RETAIN_SELF = YES;
				CLANG_WARN_OBJC_LITERAL_CONVERSION = YES;
				CLANG_WARN_OBJC_ROOT_CLASS = YES_ERROR;
				CLANG_WARN_QUOTED_INCLUDE_IN_FRAMEWORK_HEADER = YES;
				CLANG_WARN_RANGE_LOOP_ANALYSIS = YES;
				CLANG_WARN_STRICT_PROTOTYPES = YES;
				CLANG_WARN_SUSPICIOUS_MOVE = YES;
				CLANG_WARN_UNGUARDED_AVAILABILITY = YES_AGGRESSIVE;
				CLANG_WARN_UNREACHABLE_CODE = YES;
				CLANG_WARN__DUPLICATE_METHOD_MATCH = YES;
				COPY_PHASE_STRIP = NO;
				DEBUG_INFORMATION_FORMAT = dwarf;
				ENABLE_STRICT_OBJC_MSGSEND = YES;
				ENABLE_TESTABILITY = YES;
				ENABLE_USER_SCRIPT_SANDBOXING = NO;
				GCC_C_LANGUAGE_STANDARD = gnu17;
				GCC_DYNAMIC_NO_PIC = NO;
				GCC_NO_COMMON_BLOCKS = YES;
				GCC_OPTIMIZATION_LEVEL = 0;
				GCC_PREPROCESSOR_DEFINITIONS = (
					"DEBUG=1",
					"$(inherited)",
				);
				GCC_WARN_64_TO_32_BIT_CONVERSION = YES;
				GCC_WARN_ABOUT_RETURN_TYPE = YES_ERROR;
				GCC_WARN_UNDECLARED_SELECTOR = YES;
				GCC_WARN_UNINITIALIZED_AUTOS = YES_AGGRESSIVE;
				GCC_WARN_UNUSED_FUNCTION = YES;
				GCC_WARN_UNUSED_VARIABLE = YES;
				IPHONEOS_DEPLOYMENT_TARGET = 17.0;
				LOCALIZATION_PREFERS_STRING_CATALOGS = YES;
				MTL_ENABLE_DEBUG_INFO = INCLUDE_SOURCE;
				MTL_FAST_MATH = YES;
				ONLY_ACTIVE_ARCH = YES;
				SDKROOT = iphoneos;
				SWIFT_ACTIVE_COMPILATION_CONDITIONS = "DEBUG $(inherited)";
				SWIFT_OPTIMIZATION_LEVEL = "-Onone";
			};
			name = Debug;
		};
		7EA203A22B47FE3300A9F2A3 /* Release */ = {
			isa = XCBuildConfiguration;
			buildSettings = {
				ALWAYS_SEARCH_USER_PATHS = NO;
				ASSETCATALOG_COMPILER_GENERATE_SWIFT_ASSET_SYMBOL_EXTENSIONS = YES;
				CLANG_ANALYZER_LOCALIZABILITY_NONLOCALIZED = YES;
				CLANG_ANALYZER_NONNULL = YES;
				CLANG_ANALYZER_NUMBER_OBJECT_CONVERSION = YES_AGGRESSIVE;
				CLANG_CXX_LANGUAGE_STANDARD = "gnu++20";
				CLANG_ENABLE_MODULES = YES;
				CLANG_ENABLE_OBJC_ARC = YES;
				CLANG_ENABLE_OBJC_WEAK = YES;
				CLANG_WARN_BLOCK_CAPTURE_AUTORELEASING = YES;
				CLANG_WARN_BOOL_CONVERSION = YES;
				CLANG_WARN_COMMA = YES;
				CLANG_WARN_CONSTANT_CONVERSION = YES;
				CLANG_WARN_DEPRECATED_OBJC_IMPLEMENTATIONS = YES;
				CLANG_WARN_DIRECT_OBJC_ISA_USAGE = YES_ERROR;
				CLANG_WARN_DOCUMENTATION_COMMENTS = YES;
				CLANG_WARN_EMPTY_BODY = YES;
				CLANG_WARN_ENUM_CONVERSION = YES;
				CLANG_WARN_INFINITE_RECURSION = YES;
				CLANG_WARN_INT_CONVERSION = YES;
				CLANG_WARN_NON_LITERAL_NULL_CONVERSION = YES;
				CLANG_WARN_OBJC_IMPLICIT_RETAIN_SELF = YES;
				CLANG_WARN_OBJC_LITERAL_CONVERSION = YES;
				CLANG_WARN_OBJC_ROOT_CLASS = YES_ERROR;
				CLANG_WARN_QUOTED_INCLUDE_IN_FRAMEWORK_HEADER = YES;
				CLANG_WARN_RANGE_LOOP_ANALYSIS = YES;
				CLANG_WARN_STRICT_PROTOTYPES = YES;
				CLANG_WARN_SUSPICIOUS_MOVE = YES;
				CLANG_WARN_UNGUARDED_AVAILABILITY = YES_AGGRESSIVE;
				CLANG_WARN_UNREACHABLE_CODE = YES;
				CLANG_WARN__DUPLICATE_METHOD_MATCH = YES;
				COPY_PHASE_STRIP = NO;
				DEBUG_INFORMATION_FORMAT = "dwarf-with-dsym";
				ENABLE_NS_ASSERTIONS = NO;
				ENABLE_STRICT_OBJC_MSGSEND = YES;
				ENABLE_USER_SCRIPT_SANDBOXING = NO;
				GCC_C_LANGUAGE_STANDARD = gnu17;
				GCC_NO_COMMON_BLOCKS = YES;
				GCC_WARN_64_TO_32_BIT_CONVERSION = YES;
				GCC_WARN_ABOUT_RETURN_TYPE = YES_ERROR;
				GCC_WARN_UNDECLARED_SELECTOR = YES;
				GCC_WARN_UNINITIALIZED_AUTOS = YES_AGGRESSIVE;
				GCC_WARN_UNUSED_FUNCTION = YES;
				GCC_WARN_UNUSED_VARIABLE = YES;
				IPHONEOS_DEPLOYMENT_TARGET = 17.0;
				LOCALIZATION_PREFERS_STRING_CATALOGS = YES;
				MTL_ENABLE_DEBUG_INFO = NO;
				MTL_FAST_MATH = YES;
				SDKROOT = iphoneos;
				SWIFT_COMPILATION_MODE = wholemodule;
				VALIDATE_PRODUCT = YES;
			};
			name = Release;
		};
		7EA203A42B47FE3300A9F2A3 /* Debug */ = {
			isa = XCBuildConfiguration;
			buildSettings = {
				ASSETCATALOG_COMPILER_APPICON_NAME = AppIcon;
				ASSETCATALOG_COMPILER_GLOBAL_ACCENT_COLOR_NAME = AccentColor;
				CODE_SIGN_STYLE = Automatic;
				CURRENT_PROJECT_VERSION = 1;
				DEVELOPMENT_TEAM = V7HYWRF575;
				GENERATE_INFOPLIST_FILE = YES;
				INFOPLIST_FILE = SimbirDiary/Info.plist;
				INFOPLIST_KEY_UIApplicationSupportsIndirectInputEvents = YES;
				INFOPLIST_KEY_UILaunchStoryboardName = LaunchScreen;
				INFOPLIST_KEY_UISupportedInterfaceOrientations = UIInterfaceOrientationPortrait;
				INFOPLIST_KEY_UISupportedInterfaceOrientations_iPad = "UIInterfaceOrientationLandscapeLeft UIInterfaceOrientationLandscapeRight UIInterfaceOrientationPortrait UIInterfaceOrientationPortraitUpsideDown";
				IPHONEOS_DEPLOYMENT_TARGET = 12.0;
				LD_RUNPATH_SEARCH_PATHS = (
					"$(inherited)",
					"@executable_path/Frameworks",
				);
				MARKETING_VERSION = 1.0;
				PRODUCT_BUNDLE_IDENTIFIER = com.gmail.esplusnin.SimbirDiary;
				PRODUCT_NAME = "$(TARGET_NAME)";
				SUPPORTED_PLATFORMS = "iphoneos iphonesimulator";
				SUPPORTS_MACCATALYST = NO;
				SUPPORTS_MAC_DESIGNED_FOR_IPHONE_IPAD = NO;
				SWIFT_EMIT_LOC_STRINGS = YES;
				SWIFT_VERSION = 5.0;
				TARGETED_DEVICE_FAMILY = 1;
			};
			name = Debug;
		};
		7EA203A52B47FE3300A9F2A3 /* Release */ = {
			isa = XCBuildConfiguration;
			buildSettings = {
				ASSETCATALOG_COMPILER_APPICON_NAME = AppIcon;
				ASSETCATALOG_COMPILER_GLOBAL_ACCENT_COLOR_NAME = AccentColor;
				CODE_SIGN_STYLE = Automatic;
				CURRENT_PROJECT_VERSION = 1;
				DEVELOPMENT_TEAM = V7HYWRF575;
				GENERATE_INFOPLIST_FILE = YES;
				INFOPLIST_FILE = SimbirDiary/Info.plist;
				INFOPLIST_KEY_UIApplicationSupportsIndirectInputEvents = YES;
				INFOPLIST_KEY_UILaunchStoryboardName = LaunchScreen;
				INFOPLIST_KEY_UISupportedInterfaceOrientations = UIInterfaceOrientationPortrait;
				INFOPLIST_KEY_UISupportedInterfaceOrientations_iPad = "UIInterfaceOrientationLandscapeLeft UIInterfaceOrientationLandscapeRight UIInterfaceOrientationPortrait UIInterfaceOrientationPortraitUpsideDown";
				IPHONEOS_DEPLOYMENT_TARGET = 12.0;
				LD_RUNPATH_SEARCH_PATHS = (
					"$(inherited)",
					"@executable_path/Frameworks",
				);
				MARKETING_VERSION = 1.0;
				PRODUCT_BUNDLE_IDENTIFIER = com.gmail.esplusnin.SimbirDiary;
				PRODUCT_NAME = "$(TARGET_NAME)";
				SUPPORTED_PLATFORMS = "iphoneos iphonesimulator";
				SUPPORTS_MACCATALYST = NO;
				SUPPORTS_MAC_DESIGNED_FOR_IPHONE_IPAD = NO;
				SWIFT_EMIT_LOC_STRINGS = YES;
				SWIFT_VERSION = 5.0;
				TARGETED_DEVICE_FAMILY = 1;
			};
			name = Release;
		};
/* End XCBuildConfiguration section */

/* Begin XCConfigurationList section */
		7EA2038A2B47FE3200A9F2A3 /* Build configuration list for PBXProject "SimbirDiary" */ = {
			isa = XCConfigurationList;
			buildConfigurations = (
				7EA203A12B47FE3300A9F2A3 /* Debug */,
				7EA203A22B47FE3300A9F2A3 /* Release */,
			);
			defaultConfigurationIsVisible = 0;
			defaultConfigurationName = Release;
		};
		7EA203A32B47FE3300A9F2A3 /* Build configuration list for PBXNativeTarget "SimbirDiary" */ = {
			isa = XCConfigurationList;
			buildConfigurations = (
				7EA203A42B47FE3300A9F2A3 /* Debug */,
				7EA203A52B47FE3300A9F2A3 /* Release */,
			);
			defaultConfigurationIsVisible = 0;
			defaultConfigurationName = Release;
		};
/* End XCConfigurationList section */
	};
	rootObject = 7EA203872B47FE3200A9F2A3 /* Project object */;
}
