// !$*UTF8*$!
{
	archiveVersion = 1;
	classes = {
	};
	objectVersion = 56;
	objects = {

/* Begin PBXBuildFile section */
		7E37CEBA2B48484200700075 /* CustomToDoListNavigationBarView.swift in Sources */ = {isa = PBXBuildFile; fileRef = 7E37CEB92B48484200700075 /* CustomToDoListNavigationBarView.swift */; };
		7E37CEBC2B484C5500700075 /* Resources.swift in Sources */ = {isa = PBXBuildFile; fileRef = 7E37CEBB2B484C5500700075 /* Resources.swift */; };
		7E37CEC02B484D7400700075 /* UIView + Extension.swift in Sources */ = {isa = PBXBuildFile; fileRef = 7E37CEBF2B484D7400700075 /* UIView + Extension.swift */; };
		7E37CECE2B4C3CB900700075 /* ToDoViewControllerTableViewProvider.swift in Sources */ = {isa = PBXBuildFile; fileRef = 7E37CECD2B4C3CB900700075 /* ToDoViewControllerTableViewProvider.swift */; };
		7E37CED02B4C3E1B00700075 /* ToDoTableViewCell.swift in Sources */ = {isa = PBXBuildFile; fileRef = 7E37CECF2B4C3E1B00700075 /* ToDoTableViewCell.swift */; };
		7E37CED22B4C44BF00700075 /* UIConstants.swift in Sources */ = {isa = PBXBuildFile; fileRef = 7E37CED12B4C44BF00700075 /* UIConstants.swift */; };
		7E37CED42B4C4DD600700075 /* ToDoTableViewHeaderView.swift in Sources */ = {isa = PBXBuildFile; fileRef = 7E37CED32B4C4DD600700075 /* ToDoTableViewHeaderView.swift */; };
		7E3C39772B5A94BF00A263E3 /* NewTaskViewViewModelStumb.swift in Sources */ = {isa = PBXBuildFile; fileRef = 7E3C39762B5A94BF00A263E3 /* NewTaskViewViewModelStumb.swift */; };
		7E3C39792B5ABDA600A263E3 /* TaskDetailViewViewModelStumb.swift in Sources */ = {isa = PBXBuildFile; fileRef = 7E3C39782B5ABDA600A263E3 /* TaskDetailViewViewModelStumb.swift */; };
		7E4FDA9B2B579A2F00582FA0 /* ToDoListStumbView.swift in Sources */ = {isa = PBXBuildFile; fileRef = 7E4FDA9A2B579A2F00582FA0 /* ToDoListStumbView.swift */; };
		7E4FDA9D2B57C28900582FA0 /* UIFont + Extension.swift in Sources */ = {isa = PBXBuildFile; fileRef = 7E4FDA9C2B57C28900582FA0 /* UIFont + Extension.swift */; };
		7E4FDA9F2B57CBD900582FA0 /* UIColor + Extension.swift in Sources */ = {isa = PBXBuildFile; fileRef = 7E4FDA9E2B57CBD900582FA0 /* UIColor + Extension.swift */; };
		7E5DCA602B597FD9007F996B /* UserDefaultsService.swift in Sources */ = {isa = PBXBuildFile; fileRef = 7E5DCA5F2B597FD9007F996B /* UserDefaultsService.swift */; };
		7E5DCAA02B5A8017007F996B /* SimbirDiaryTests.swift in Sources */ = {isa = PBXBuildFile; fileRef = 7E5DCA9F2B5A8017007F996B /* SimbirDiaryTests.swift */; };
		7E5DCAB02B5A803C007F996B /* MainCoordinatorStumb.swift in Sources */ = {isa = PBXBuildFile; fileRef = 7E5DCAA92B5A803C007F996B /* MainCoordinatorStumb.swift */; };
		7E5DCAB12B5A803C007F996B /* ToDoViewViewModelStumb.swift in Sources */ = {isa = PBXBuildFile; fileRef = 7E5DCAAB2B5A803C007F996B /* ToDoViewViewModelStumb.swift */; };
		7E5DCAB22B5A803C007F996B /* DatabaseManagerStumb.swift in Sources */ = {isa = PBXBuildFile; fileRef = 7E5DCAAD2B5A803C007F996B /* DatabaseManagerStumb.swift */; };
		7E5DCAB32B5A803C007F996B /* DataProviderStumb.swift in Sources */ = {isa = PBXBuildFile; fileRef = 7E5DCAAE2B5A803C007F996B /* DataProviderStumb.swift */; };
		7E83352B2B4D1F4B008E4C44 /* Task.swift in Sources */ = {isa = PBXBuildFile; fileRef = 7E83352A2B4D1F4B008E4C44 /* Task.swift */; };
		7E83352F2B4D207A008E4C44 /* ToDoViewViewModel.swift in Sources */ = {isa = PBXBuildFile; fileRef = 7E83352E2B4D207A008E4C44 /* ToDoViewViewModel.swift */; };
		7E8335322B4D2095008E4C44 /* ToDoViewViewModelProtocol.swift in Sources */ = {isa = PBXBuildFile; fileRef = 7E8335312B4D2095008E4C44 /* ToDoViewViewModelProtocol.swift */; };
		7E8335342B4D291D008E4C44 /* Observable.swift in Sources */ = {isa = PBXBuildFile; fileRef = 7E8335332B4D291D008E4C44 /* Observable.swift */; };
		7E8335362B4D2C88008E4C44 /* TimeBlock.swift in Sources */ = {isa = PBXBuildFile; fileRef = 7E8335352B4D2C88008E4C44 /* TimeBlock.swift */; };
		7E83353B2B4D336E008E4C44 /* CustomNavigationBarViewDelegate.swift in Sources */ = {isa = PBXBuildFile; fileRef = 7E83353A2B4D336E008E4C44 /* CustomNavigationBarViewDelegate.swift */; };
		7E83353E2B4D4015008E4C44 /* DataProvider.swift in Sources */ = {isa = PBXBuildFile; fileRef = 7E83353D2B4D4015008E4C44 /* DataProvider.swift */; };
		7E8335422B4D4045008E4C44 /* DataProviderProtocol.swift in Sources */ = {isa = PBXBuildFile; fileRef = 7E8335412B4D4045008E4C44 /* DataProviderProtocol.swift */; };
		7E8E69D32B51503B00135F46 /* TaskDetailViewController.swift in Sources */ = {isa = PBXBuildFile; fileRef = 7E8E69D22B51503B00135F46 /* TaskDetailViewController.swift */; };
		7E8E69D92B52D0C100135F46 /* TaskDetailView.swift in Sources */ = {isa = PBXBuildFile; fileRef = 7E8E69D82B52D0C100135F46 /* TaskDetailView.swift */; };
		7E8E69DB2B53E68500135F46 /* TaskDetailViewViewModel.swift in Sources */ = {isa = PBXBuildFile; fileRef = 7E8E69DA2B53E68500135F46 /* TaskDetailViewViewModel.swift */; };
		7E8E69DE2B53E6A600135F46 /* TaskDetailViewViewModelProtocol.swift in Sources */ = {isa = PBXBuildFile; fileRef = 7E8E69DD2B53E6A600135F46 /* TaskDetailViewViewModelProtocol.swift */; };
		7EA203932B47FE3200A9F2A3 /* AppDelegate.swift in Sources */ = {isa = PBXBuildFile; fileRef = 7EA203922B47FE3200A9F2A3 /* AppDelegate.swift */; };
		7EA203972B47FE3200A9F2A3 /* ToDoViewController.swift in Sources */ = {isa = PBXBuildFile; fileRef = 7EA203962B47FE3200A9F2A3 /* ToDoViewController.swift */; };
		7EA2039C2B47FE3300A9F2A3 /* Assets.xcassets in Resources */ = {isa = PBXBuildFile; fileRef = 7EA2039B2B47FE3300A9F2A3 /* Assets.xcassets */; };
		7EA2039F2B47FE3300A9F2A3 /* LaunchScreen.storyboard in Resources */ = {isa = PBXBuildFile; fileRef = 7EA2039D2B47FE3300A9F2A3 /* LaunchScreen.storyboard */; };
		7EA203AA2B4807FE00A9F2A3 /* Localizable.strings in Resources */ = {isa = PBXBuildFile; fileRef = 7EA203AC2B4807FE00A9F2A3 /* Localizable.strings */; };
		7EA203B12B48098400A9F2A3 /* Strings+Generated.swift in Sources */ = {isa = PBXBuildFile; fileRef = 7EA203B02B48098400A9F2A3 /* Strings+Generated.swift */; };
		7EB77D602B512C4F001B0F2D /* CoordinatorProtocol.swift in Sources */ = {isa = PBXBuildFile; fileRef = 7EB77D5F2B512C4F001B0F2D /* CoordinatorProtocol.swift */; };
		7EB77D622B51305F001B0F2D /* AppCoordinator .swift in Sources */ = {isa = PBXBuildFile; fileRef = 7EB77D612B51305F001B0F2D /* AppCoordinator .swift */; };
		7EBC02192B4E5DD7004DCBE1 /* DateFormatterService.swift in Sources */ = {isa = PBXBuildFile; fileRef = 7EBC02182B4E5DD7004DCBE1 /* DateFormatterService.swift */; };
		7EBC021D2B4E5DEB004DCBE1 /* DateFormatterProtocol.swift in Sources */ = {isa = PBXBuildFile; fileRef = 7EBC021C2B4E5DEB004DCBE1 /* DateFormatterProtocol.swift */; };
		7EBC02202B4E81E7004DCBE1 /* NewTaskViewController.swift in Sources */ = {isa = PBXBuildFile; fileRef = 7EBC021F2B4E81E7004DCBE1 /* NewTaskViewController.swift */; };
		7EBC02232B4E82B9004DCBE1 /* CustomTaskNavigationView.swift in Sources */ = {isa = PBXBuildFile; fileRef = 7EBC02222B4E82B9004DCBE1 /* CustomTaskNavigationView.swift */; };
		7EBC02272B4E8634004DCBE1 /* CustomTaskNavigationViewDelegate.swift in Sources */ = {isa = PBXBuildFile; fileRef = 7EBC02262B4E8634004DCBE1 /* CustomTaskNavigationViewDelegate.swift */; };
		7EBC022A2B4E8F2A004DCBE1 /* CustomNewTaskInputInfoView.swift in Sources */ = {isa = PBXBuildFile; fileRef = 7EBC02292B4E8F2A004DCBE1 /* CustomNewTaskInputInfoView.swift */; };
		7EBC022D2B4EBDD1004DCBE1 /* NewTaskTableViewDataProvider.swift in Sources */ = {isa = PBXBuildFile; fileRef = 7EBC022C2B4EBDD1004DCBE1 /* NewTaskTableViewDataProvider.swift */; };
		7EBC022F2B4EBE59004DCBE1 /* NewTaskTableViewDateCell.swift in Sources */ = {isa = PBXBuildFile; fileRef = 7EBC022E2B4EBE59004DCBE1 /* NewTaskTableViewDateCell.swift */; };
		7EBC02312B4EC852004DCBE1 /* UIViewController + Extension.swift in Sources */ = {isa = PBXBuildFile; fileRef = 7EBC02302B4EC852004DCBE1 /* UIViewController + Extension.swift */; };
		7EBC02332B4EC9F0004DCBE1 /* NewTaskViewViewModel.swift in Sources */ = {isa = PBXBuildFile; fileRef = 7EBC02322B4EC9F0004DCBE1 /* NewTaskViewViewModel.swift */; };
		7EBC02382B4ECD9F004DCBE1 /* NewTaskViewViewModelProtocol.swift in Sources */ = {isa = PBXBuildFile; fileRef = 7EBC02372B4ECD9F004DCBE1 /* NewTaskViewViewModelProtocol.swift */; };
		7EBC023B2B4ED628004DCBE1 /* NewTaskTableViewDateCellDelegate.swift in Sources */ = {isa = PBXBuildFile; fileRef = 7EBC023A2B4ED628004DCBE1 /* NewTaskTableViewDateCellDelegate.swift */; };
		7EBC023E2B4EDFA1004DCBE1 /* CustomNewTaskInputInfoViewDelegate.swift in Sources */ = {isa = PBXBuildFile; fileRef = 7EBC023D2B4EDFA1004DCBE1 /* CustomNewTaskInputInfoViewDelegate.swift */; };
		7ED9A6F82B4D5B93009D47CD /* RealmManager.swift in Sources */ = {isa = PBXBuildFile; fileRef = 7ED9A6F72B4D5B93009D47CD /* RealmManager.swift */; };
		7ED9A6FB2B4D5BF6009D47CD /* DatabaseManagerProtocol.swift in Sources */ = {isa = PBXBuildFile; fileRef = 7ED9A6FA2B4D5BF6009D47CD /* DatabaseManagerProtocol.swift */; };
		7ED9A6FD2B4D5DED009D47CD /* TaskObject.swift in Sources */ = {isa = PBXBuildFile; fileRef = 7ED9A6FC2B4D5DED009D47CD /* TaskObject.swift */; };
		9181F1F96271A1FA2E07C9E8 /* Pods_SimbirDiary.framework in Frameworks */ = {isa = PBXBuildFile; fileRef = 3C90BEE233188921063E4E6C /* Pods_SimbirDiary.framework */; };
/* End PBXBuildFile section */

/* Begin PBXContainerItemProxy section */
		7E5DCAA12B5A8017007F996B /* PBXContainerItemProxy */ = {
			isa = PBXContainerItemProxy;
			containerPortal = 7EA203872B47FE3200A9F2A3 /* Project object */;
			proxyType = 1;
			remoteGlobalIDString = 7EA2038E2B47FE3200A9F2A3;
			remoteInfo = SimbirDiary;
		};
/* End PBXContainerItemProxy section */

/* Begin PBXFileReference section */
		3C90BEE233188921063E4E6C /* Pods_SimbirDiary.framework */ = {isa = PBXFileReference; explicitFileType = wrapper.framework; includeInIndex = 0; path = Pods_SimbirDiary.framework; sourceTree = BUILT_PRODUCTS_DIR; };
		5B12AB69FA40959495E2094C /* Pods-SimbirDiary.debug.xcconfig */ = {isa = PBXFileReference; includeInIndex = 1; lastKnownFileType = text.xcconfig; name = "Pods-SimbirDiary.debug.xcconfig"; path = "Target Support Files/Pods-SimbirDiary/Pods-SimbirDiary.debug.xcconfig"; sourceTree = "<group>"; };
		7E37CEB92B48484200700075 /* CustomToDoListNavigationBarView.swift */ = {isa = PBXFileReference; lastKnownFileType = sourcecode.swift; path = CustomToDoListNavigationBarView.swift; sourceTree = "<group>"; };
		7E37CEBB2B484C5500700075 /* Resources.swift */ = {isa = PBXFileReference; lastKnownFileType = sourcecode.swift; path = Resources.swift; sourceTree = "<group>"; };
		7E37CEBF2B484D7400700075 /* UIView + Extension.swift */ = {isa = PBXFileReference; lastKnownFileType = sourcecode.swift; path = "UIView + Extension.swift"; sourceTree = "<group>"; };
		7E37CECD2B4C3CB900700075 /* ToDoViewControllerTableViewProvider.swift */ = {isa = PBXFileReference; lastKnownFileType = sourcecode.swift; path = ToDoViewControllerTableViewProvider.swift; sourceTree = "<group>"; };
		7E37CECF2B4C3E1B00700075 /* ToDoTableViewCell.swift */ = {isa = PBXFileReference; lastKnownFileType = sourcecode.swift; path = ToDoTableViewCell.swift; sourceTree = "<group>"; };
		7E37CED12B4C44BF00700075 /* UIConstants.swift */ = {isa = PBXFileReference; lastKnownFileType = sourcecode.swift; path = UIConstants.swift; sourceTree = "<group>"; };
		7E37CED32B4C4DD600700075 /* ToDoTableViewHeaderView.swift */ = {isa = PBXFileReference; lastKnownFileType = sourcecode.swift; path = ToDoTableViewHeaderView.swift; sourceTree = "<group>"; };
		7E3C39762B5A94BF00A263E3 /* NewTaskViewViewModelStumb.swift */ = {isa = PBXFileReference; lastKnownFileType = sourcecode.swift; path = NewTaskViewViewModelStumb.swift; sourceTree = "<group>"; };
		7E3C39782B5ABDA600A263E3 /* TaskDetailViewViewModelStumb.swift */ = {isa = PBXFileReference; lastKnownFileType = sourcecode.swift; path = TaskDetailViewViewModelStumb.swift; sourceTree = "<group>"; };
		7E4FDA9A2B579A2F00582FA0 /* ToDoListStumbView.swift */ = {isa = PBXFileReference; lastKnownFileType = sourcecode.swift; path = ToDoListStumbView.swift; sourceTree = "<group>"; };
		7E4FDA9C2B57C28900582FA0 /* UIFont + Extension.swift */ = {isa = PBXFileReference; lastKnownFileType = sourcecode.swift; path = "UIFont + Extension.swift"; sourceTree = "<group>"; };
		7E4FDA9E2B57CBD900582FA0 /* UIColor + Extension.swift */ = {isa = PBXFileReference; lastKnownFileType = sourcecode.swift; path = "UIColor + Extension.swift"; sourceTree = "<group>"; };
		7E5DCA5F2B597FD9007F996B /* UserDefaultsService.swift */ = {isa = PBXFileReference; lastKnownFileType = sourcecode.swift; path = UserDefaultsService.swift; sourceTree = "<group>"; };
		7E5DCA9D2B5A8017007F996B /* SimbirDiaryTests.xctest */ = {isa = PBXFileReference; explicitFileType = wrapper.cfbundle; includeInIndex = 0; path = SimbirDiaryTests.xctest; sourceTree = BUILT_PRODUCTS_DIR; };
		7E5DCA9F2B5A8017007F996B /* SimbirDiaryTests.swift */ = {isa = PBXFileReference; lastKnownFileType = sourcecode.swift; path = SimbirDiaryTests.swift; sourceTree = "<group>"; };
		7E5DCAA92B5A803C007F996B /* MainCoordinatorStumb.swift */ = {isa = PBXFileReference; fileEncoding = 4; lastKnownFileType = sourcecode.swift; path = MainCoordinatorStumb.swift; sourceTree = "<group>"; };
		7E5DCAAB2B5A803C007F996B /* ToDoViewViewModelStumb.swift */ = {isa = PBXFileReference; fileEncoding = 4; lastKnownFileType = sourcecode.swift; path = ToDoViewViewModelStumb.swift; sourceTree = "<group>"; };
		7E5DCAAD2B5A803C007F996B /* DatabaseManagerStumb.swift */ = {isa = PBXFileReference; fileEncoding = 4; lastKnownFileType = sourcecode.swift; path = DatabaseManagerStumb.swift; sourceTree = "<group>"; };
		7E5DCAAE2B5A803C007F996B /* DataProviderStumb.swift */ = {isa = PBXFileReference; fileEncoding = 4; lastKnownFileType = sourcecode.swift; path = DataProviderStumb.swift; sourceTree = "<group>"; };
		7E83352A2B4D1F4B008E4C44 /* Task.swift */ = {isa = PBXFileReference; lastKnownFileType = sourcecode.swift; path = Task.swift; sourceTree = "<group>"; };
		7E83352E2B4D207A008E4C44 /* ToDoViewViewModel.swift */ = {isa = PBXFileReference; lastKnownFileType = sourcecode.swift; path = ToDoViewViewModel.swift; sourceTree = "<group>"; };
		7E8335312B4D2095008E4C44 /* ToDoViewViewModelProtocol.swift */ = {isa = PBXFileReference; lastKnownFileType = sourcecode.swift; path = ToDoViewViewModelProtocol.swift; sourceTree = "<group>"; };
		7E8335332B4D291D008E4C44 /* Observable.swift */ = {isa = PBXFileReference; lastKnownFileType = sourcecode.swift; path = Observable.swift; sourceTree = "<group>"; };
		7E8335352B4D2C88008E4C44 /* TimeBlock.swift */ = {isa = PBXFileReference; lastKnownFileType = sourcecode.swift; path = TimeBlock.swift; sourceTree = "<group>"; };
		7E83353A2B4D336E008E4C44 /* CustomNavigationBarViewDelegate.swift */ = {isa = PBXFileReference; lastKnownFileType = sourcecode.swift; path = CustomNavigationBarViewDelegate.swift; sourceTree = "<group>"; };
		7E83353D2B4D4015008E4C44 /* DataProvider.swift */ = {isa = PBXFileReference; lastKnownFileType = sourcecode.swift; path = DataProvider.swift; sourceTree = "<group>"; };
		7E8335412B4D4045008E4C44 /* DataProviderProtocol.swift */ = {isa = PBXFileReference; lastKnownFileType = sourcecode.swift; path = DataProviderProtocol.swift; sourceTree = "<group>"; };
		7E8E69D02B514E5400135F46 /* Base */ = {isa = PBXFileReference; lastKnownFileType = file.storyboard; name = Base; path = Base.lproj/LaunchScreen.storyboard; sourceTree = "<group>"; };
		7E8E69D22B51503B00135F46 /* TaskDetailViewController.swift */ = {isa = PBXFileReference; lastKnownFileType = sourcecode.swift; path = TaskDetailViewController.swift; sourceTree = "<group>"; };
		7E8E69D82B52D0C100135F46 /* TaskDetailView.swift */ = {isa = PBXFileReference; lastKnownFileType = sourcecode.swift; path = TaskDetailView.swift; sourceTree = "<group>"; };
		7E8E69DA2B53E68500135F46 /* TaskDetailViewViewModel.swift */ = {isa = PBXFileReference; lastKnownFileType = sourcecode.swift; path = TaskDetailViewViewModel.swift; sourceTree = "<group>"; };
		7E8E69DD2B53E6A600135F46 /* TaskDetailViewViewModelProtocol.swift */ = {isa = PBXFileReference; lastKnownFileType = sourcecode.swift; path = TaskDetailViewViewModelProtocol.swift; sourceTree = "<group>"; };
		7EA2038F2B47FE3200A9F2A3 /* SimbirDiary.app */ = {isa = PBXFileReference; explicitFileType = wrapper.application; includeInIndex = 0; path = SimbirDiary.app; sourceTree = BUILT_PRODUCTS_DIR; };
		7EA203922B47FE3200A9F2A3 /* AppDelegate.swift */ = {isa = PBXFileReference; lastKnownFileType = sourcecode.swift; path = AppDelegate.swift; sourceTree = "<group>"; };
		7EA203962B47FE3200A9F2A3 /* ToDoViewController.swift */ = {isa = PBXFileReference; lastKnownFileType = sourcecode.swift; path = ToDoViewController.swift; sourceTree = "<group>"; };
		7EA2039B2B47FE3300A9F2A3 /* Assets.xcassets */ = {isa = PBXFileReference; lastKnownFileType = folder.assetcatalog; name = Assets.xcassets; path = ../Assets.xcassets; sourceTree = "<group>"; };
		7EA203A02B47FE3300A9F2A3 /* Info.plist */ = {isa = PBXFileReference; lastKnownFileType = text.plist.xml; path = Info.plist; sourceTree = "<group>"; };
		7EA203AB2B4807FE00A9F2A3 /* en */ = {isa = PBXFileReference; lastKnownFileType = text.plist.strings; name = en; path = en.lproj/Localizable.strings; sourceTree = "<group>"; };
		7EA203AE2B48083F00A9F2A3 /* ru */ = {isa = PBXFileReference; lastKnownFileType = text.plist.strings; name = ru; path = ru.lproj/Localizable.strings; sourceTree = "<group>"; };
		7EA203B02B48098400A9F2A3 /* Strings+Generated.swift */ = {isa = PBXFileReference; fileEncoding = 4; lastKnownFileType = sourcecode.swift; path = "Strings+Generated.swift"; sourceTree = "<group>"; };
		7EB77D5F2B512C4F001B0F2D /* CoordinatorProtocol.swift */ = {isa = PBXFileReference; lastKnownFileType = sourcecode.swift; path = CoordinatorProtocol.swift; sourceTree = "<group>"; };
		7EB77D612B51305F001B0F2D /* AppCoordinator .swift */ = {isa = PBXFileReference; lastKnownFileType = sourcecode.swift; path = "AppCoordinator .swift"; sourceTree = "<group>"; };
		7EBC02182B4E5DD7004DCBE1 /* DateFormatterService.swift */ = {isa = PBXFileReference; lastKnownFileType = sourcecode.swift; path = DateFormatterService.swift; sourceTree = "<group>"; };
		7EBC021C2B4E5DEB004DCBE1 /* DateFormatterProtocol.swift */ = {isa = PBXFileReference; lastKnownFileType = sourcecode.swift; path = DateFormatterProtocol.swift; sourceTree = "<group>"; };
		7EBC021F2B4E81E7004DCBE1 /* NewTaskViewController.swift */ = {isa = PBXFileReference; lastKnownFileType = sourcecode.swift; path = NewTaskViewController.swift; sourceTree = "<group>"; };
		7EBC02222B4E82B9004DCBE1 /* CustomTaskNavigationView.swift */ = {isa = PBXFileReference; lastKnownFileType = sourcecode.swift; path = CustomTaskNavigationView.swift; sourceTree = "<group>"; };
		7EBC02262B4E8634004DCBE1 /* CustomTaskNavigationViewDelegate.swift */ = {isa = PBXFileReference; lastKnownFileType = sourcecode.swift; path = CustomTaskNavigationViewDelegate.swift; sourceTree = "<group>"; };
		7EBC02292B4E8F2A004DCBE1 /* CustomNewTaskInputInfoView.swift */ = {isa = PBXFileReference; lastKnownFileType = sourcecode.swift; path = CustomNewTaskInputInfoView.swift; sourceTree = "<group>"; };
		7EBC022C2B4EBDD1004DCBE1 /* NewTaskTableViewDataProvider.swift */ = {isa = PBXFileReference; lastKnownFileType = sourcecode.swift; path = NewTaskTableViewDataProvider.swift; sourceTree = "<group>"; };
		7EBC022E2B4EBE59004DCBE1 /* NewTaskTableViewDateCell.swift */ = {isa = PBXFileReference; lastKnownFileType = sourcecode.swift; path = NewTaskTableViewDateCell.swift; sourceTree = "<group>"; };
		7EBC02302B4EC852004DCBE1 /* UIViewController + Extension.swift */ = {isa = PBXFileReference; lastKnownFileType = sourcecode.swift; path = "UIViewController + Extension.swift"; sourceTree = "<group>"; };
		7EBC02322B4EC9F0004DCBE1 /* NewTaskViewViewModel.swift */ = {isa = PBXFileReference; lastKnownFileType = sourcecode.swift; path = NewTaskViewViewModel.swift; sourceTree = "<group>"; };
		7EBC02372B4ECD9F004DCBE1 /* NewTaskViewViewModelProtocol.swift */ = {isa = PBXFileReference; lastKnownFileType = sourcecode.swift; path = NewTaskViewViewModelProtocol.swift; sourceTree = "<group>"; };
		7EBC023A2B4ED628004DCBE1 /* NewTaskTableViewDateCellDelegate.swift */ = {isa = PBXFileReference; lastKnownFileType = sourcecode.swift; path = NewTaskTableViewDateCellDelegate.swift; sourceTree = "<group>"; };
		7EBC023D2B4EDFA1004DCBE1 /* CustomNewTaskInputInfoViewDelegate.swift */ = {isa = PBXFileReference; lastKnownFileType = sourcecode.swift; path = CustomNewTaskInputInfoViewDelegate.swift; sourceTree = "<group>"; };
		7ED9A6F72B4D5B93009D47CD /* RealmManager.swift */ = {isa = PBXFileReference; lastKnownFileType = sourcecode.swift; path = RealmManager.swift; sourceTree = "<group>"; };
		7ED9A6FA2B4D5BF6009D47CD /* DatabaseManagerProtocol.swift */ = {isa = PBXFileReference; lastKnownFileType = sourcecode.swift; path = DatabaseManagerProtocol.swift; sourceTree = "<group>"; };
		7ED9A6FC2B4D5DED009D47CD /* TaskObject.swift */ = {isa = PBXFileReference; lastKnownFileType = sourcecode.swift; path = TaskObject.swift; sourceTree = "<group>"; };
		E63350FBBF31F411EC7C6FAA /* Pods-SimbirDiary.release.xcconfig */ = {isa = PBXFileReference; includeInIndex = 1; lastKnownFileType = text.xcconfig; name = "Pods-SimbirDiary.release.xcconfig"; path = "Target Support Files/Pods-SimbirDiary/Pods-SimbirDiary.release.xcconfig"; sourceTree = "<group>"; };
/* End PBXFileReference section */

/* Begin PBXFrameworksBuildPhase section */
		7E5DCA9A2B5A8017007F996B /* Frameworks */ = {
			isa = PBXFrameworksBuildPhase;
			buildActionMask = 2147483647;
			files = (
			);
			runOnlyForDeploymentPostprocessing = 0;
		};
		7EA2038C2B47FE3200A9F2A3 /* Frameworks */ = {
			isa = PBXFrameworksBuildPhase;
			buildActionMask = 2147483647;
			files = (
				9181F1F96271A1FA2E07C9E8 /* Pods_SimbirDiary.framework in Frameworks */,
			);
			runOnlyForDeploymentPostprocessing = 0;
		};
/* End PBXFrameworksBuildPhase section */

/* Begin PBXGroup section */
		41A631DF6C53001C7A671FB4 /* Frameworks */ = {
			isa = PBXGroup;
			children = (
				3C90BEE233188921063E4E6C /* Pods_SimbirDiary.framework */,
			);
			name = Frameworks;
			sourceTree = "<group>";
		};
		7E37CEB42B4847A600700075 /* Scenes */ = {
			isa = PBXGroup;
			children = (
				7E37CEB52B4847AF00700075 /* ToDoViewController */,
				7EBC021E2B4E81CF004DCBE1 /* NewTaskViewController */,
				7E8E69D12B51501800135F46 /* TaskDetailViewController */,
			);
			path = Scenes;
			sourceTree = "<group>";
		};
		7E37CEB52B4847AF00700075 /* ToDoViewController */ = {
			isa = PBXGroup;
			children = (
				7E8335302B4D2090008E4C44 /* Protocols */,
				7E4FDA992B579A1200582FA0 /* Views */,
				7E37CECC2B4C3C9A00700075 /* TableViewProvider */,
				7E83352E2B4D207A008E4C44 /* ToDoViewViewModel.swift */,
				7EA203962B47FE3200A9F2A3 /* ToDoViewController.swift */,
			);
			path = ToDoViewController;
			sourceTree = "<group>";
		};
		7E37CEBE2B484D6400700075 /* Extensions */ = {
			isa = PBXGroup;
			children = (
				7E4FDA9E2B57CBD900582FA0 /* UIColor + Extension.swift */,
				7E4FDA9C2B57C28900582FA0 /* UIFont + Extension.swift */,
				7E37CEBF2B484D7400700075 /* UIView + Extension.swift */,
				7EBC02302B4EC852004DCBE1 /* UIViewController + Extension.swift */,
			);
			path = Extensions;
			sourceTree = "<group>";
		};
		7E37CECC2B4C3C9A00700075 /* TableViewProvider */ = {
			isa = PBXGroup;
			children = (
				7E37CECD2B4C3CB900700075 /* ToDoViewControllerTableViewProvider.swift */,
				7E37CECF2B4C3E1B00700075 /* ToDoTableViewCell.swift */,
				7E37CED32B4C4DD600700075 /* ToDoTableViewHeaderView.swift */,
			);
			path = TableViewProvider;
			sourceTree = "<group>";
		};
		7E4FDA992B579A1200582FA0 /* Views */ = {
			isa = PBXGroup;
			children = (
				7E4FDA9A2B579A2F00582FA0 /* ToDoListStumbView.swift */,
			);
			path = Views;
			sourceTree = "<group>";
		};
		7E5DCA5E2B597FA5007F996B /* UserDefaultsService */ = {
			isa = PBXGroup;
			children = (
				7E5DCA5F2B597FD9007F996B /* UserDefaultsService.swift */,
			);
			path = UserDefaultsService;
			sourceTree = "<group>";
		};
		7E5DCA9E2B5A8017007F996B /* SimbirDiaryTests */ = {
			isa = PBXGroup;
			children = (
				7E5DCAA72B5A803C007F996B /* Dependencies */,
				7E5DCA9F2B5A8017007F996B /* SimbirDiaryTests.swift */,
			);
			path = SimbirDiaryTests;
			sourceTree = "<group>";
		};
		7E5DCAA72B5A803C007F996B /* Dependencies */ = {
			isa = PBXGroup;
			children = (
				7E5DCAA82B5A803C007F996B /* Coordinators */,
				7E5DCAAA2B5A803C007F996B /* ViewModels */,
				7E5DCAAC2B5A803C007F996B /* Services */,
			);
			path = Dependencies;
			sourceTree = "<group>";
		};
		7E5DCAA82B5A803C007F996B /* Coordinators */ = {
			isa = PBXGroup;
			children = (
				7E5DCAA92B5A803C007F996B /* MainCoordinatorStumb.swift */,
			);
			path = Coordinators;
			sourceTree = "<group>";
		};
		7E5DCAAA2B5A803C007F996B /* ViewModels */ = {
			isa = PBXGroup;
			children = (
				7E3C39782B5ABDA600A263E3 /* TaskDetailViewViewModelStumb.swift */,
				7E5DCAAB2B5A803C007F996B /* ToDoViewViewModelStumb.swift */,
				7E3C39762B5A94BF00A263E3 /* NewTaskViewViewModelStumb.swift */,
			);
			path = ViewModels;
			sourceTree = "<group>";
		};
		7E5DCAAC2B5A803C007F996B /* Services */ = {
			isa = PBXGroup;
			children = (
				7E5DCAAD2B5A803C007F996B /* DatabaseManagerStumb.swift */,
				7E5DCAAE2B5A803C007F996B /* DataProviderStumb.swift */,
			);
			path = Services;
			sourceTree = "<group>";
		};
		7E8335292B4D1F40008E4C44 /* Models */ = {
			isa = PBXGroup;
			children = (
				7E8335332B4D291D008E4C44 /* Observable.swift */,
				7E83352A2B4D1F4B008E4C44 /* Task.swift */,
				7ED9A6FC2B4D5DED009D47CD /* TaskObject.swift */,
				7E8335352B4D2C88008E4C44 /* TimeBlock.swift */,
			);
			path = Models;
			sourceTree = "<group>";
		};
		7E8335302B4D2090008E4C44 /* Protocols */ = {
			isa = PBXGroup;
			children = (
				7E8335312B4D2095008E4C44 /* ToDoViewViewModelProtocol.swift */,
			);
			path = Protocols;
			sourceTree = "<group>";
		};
		7E8335372B4D333E008E4C44 /* Components */ = {
			isa = PBXGroup;
			children = (
				7E8E69D62B52C26400135F46 /* NavigationViews */,
			);
			path = Components;
			sourceTree = "<group>";
		};
		7E8335382B4D3357008E4C44 /* CustomToDoListNavigationBarView */ = {
			isa = PBXGroup;
			children = (
				7E8335392B4D3364008E4C44 /* Protocol */,
				7E37CEB92B48484200700075 /* CustomToDoListNavigationBarView.swift */,
			);
			path = CustomToDoListNavigationBarView;
			sourceTree = "<group>";
		};
		7E8335392B4D3364008E4C44 /* Protocol */ = {
			isa = PBXGroup;
			children = (
				7E83353A2B4D336E008E4C44 /* CustomNavigationBarViewDelegate.swift */,
			);
			path = Protocol;
			sourceTree = "<group>";
		};
		7E83353C2B4D4008008E4C44 /* Services */ = {
			isa = PBXGroup;
			children = (
				7E83353F2B4D4036008E4C44 /* Data */,
				7EBC02172B4E5DB3004DCBE1 /* Formatters */,
			);
			path = Services;
			sourceTree = "<group>";
		};
		7E83353F2B4D4036008E4C44 /* Data */ = {
			isa = PBXGroup;
			children = (
				7ED9A6F62B4D5B7B009D47CD /* DatabaseManager */,
				7E8335432B4D4062008E4C44 /* DataProvider */,
				7E5DCA5E2B597FA5007F996B /* UserDefaultsService */,
			);
			path = Data;
			sourceTree = "<group>";
		};
		7E8335402B4D403E008E4C44 /* Protocols */ = {
			isa = PBXGroup;
			children = (
				7E8335412B4D4045008E4C44 /* DataProviderProtocol.swift */,
			);
			path = Protocols;
			sourceTree = "<group>";
		};
		7E8335432B4D4062008E4C44 /* DataProvider */ = {
			isa = PBXGroup;
			children = (
				7E8335402B4D403E008E4C44 /* Protocols */,
				7E83353D2B4D4015008E4C44 /* DataProvider.swift */,
			);
			path = DataProvider;
			sourceTree = "<group>";
		};
		7E8E69D12B51501800135F46 /* TaskDetailViewController */ = {
			isa = PBXGroup;
			children = (
				7E8E69DC2B53E69800135F46 /* Protocols */,
				7E8E69D72B52D0A600135F46 /* Views */,
				7E8E69DA2B53E68500135F46 /* TaskDetailViewViewModel.swift */,
				7E8E69D22B51503B00135F46 /* TaskDetailViewController.swift */,
			);
			path = TaskDetailViewController;
			sourceTree = "<group>";
		};
		7E8E69D62B52C26400135F46 /* NavigationViews */ = {
			isa = PBXGroup;
			children = (
				7EBC02242B4E861E004DCBE1 /* CustomTaskNavigationView */,
				7E8335382B4D3357008E4C44 /* CustomToDoListNavigationBarView */,
			);
			path = NavigationViews;
			sourceTree = "<group>";
		};
		7E8E69D72B52D0A600135F46 /* Views */ = {
			isa = PBXGroup;
			children = (
				7E8E69DF2B55219400135F46 /* TaskDetailView */,
			);
			path = Views;
			sourceTree = "<group>";
		};
		7E8E69DC2B53E69800135F46 /* Protocols */ = {
			isa = PBXGroup;
			children = (
				7E8E69DD2B53E6A600135F46 /* TaskDetailViewViewModelProtocol.swift */,
			);
			path = Protocols;
			sourceTree = "<group>";
		};
		7E8E69DF2B55219400135F46 /* TaskDetailView */ = {
			isa = PBXGroup;
			children = (
				7E8E69D82B52D0C100135F46 /* TaskDetailView.swift */,
			);
			path = TaskDetailView;
			sourceTree = "<group>";
		};
		7EA203862B47FE3200A9F2A3 = {
			isa = PBXGroup;
			children = (
				7EA203912B47FE3200A9F2A3 /* SimbirDiary */,
				7E5DCA9E2B5A8017007F996B /* SimbirDiaryTests */,
				7EA203902B47FE3200A9F2A3 /* Products */,
				D706192B8098D65B89029043 /* Pods */,
				41A631DF6C53001C7A671FB4 /* Frameworks */,
			);
			sourceTree = "<group>";
		};
		7EA203902B47FE3200A9F2A3 /* Products */ = {
			isa = PBXGroup;
			children = (
				7EA2038F2B47FE3200A9F2A3 /* SimbirDiary.app */,
				7E5DCA9D2B5A8017007F996B /* SimbirDiaryTests.xctest */,
			);
			name = Products;
			sourceTree = "<group>";
		};
		7EA203912B47FE3200A9F2A3 /* SimbirDiary */ = {
			isa = PBXGroup;
			children = (
				7EB77D5C2B512C36001B0F2D /* App */,
				7EB77D5D2B512C3B001B0F2D /* Coordinators */,
				7E8335292B4D1F40008E4C44 /* Models */,
				7E83353C2B4D4008008E4C44 /* Services */,
				7E37CEB42B4847A600700075 /* Scenes */,
				7E8335372B4D333E008E4C44 /* Components */,
				7EA203A62B4807DC00A9F2A3 /* Resources */,
				7E37CEBE2B484D6400700075 /* Extensions */,
			);
			path = SimbirDiary;
			sourceTree = "<group>";
		};
		7EA203A62B4807DC00A9F2A3 /* Resources */ = {
			isa = PBXGroup;
			children = (
				7EA203A72B4807E200A9F2A3 /* Localizable */,
				7E37CEBB2B484C5500700075 /* Resources.swift */,
				7E37CED12B4C44BF00700075 /* UIConstants.swift */,
				7EA2039B2B47FE3300A9F2A3 /* Assets.xcassets */,
				7EA2039D2B47FE3300A9F2A3 /* LaunchScreen.storyboard */,
				7EA203A02B47FE3300A9F2A3 /* Info.plist */,
			);
			path = Resources;
			sourceTree = "<group>";
		};
		7EA203A72B4807E200A9F2A3 /* Localizable */ = {
			isa = PBXGroup;
			children = (
				7EA203B02B48098400A9F2A3 /* Strings+Generated.swift */,
				7EA203AC2B4807FE00A9F2A3 /* Localizable.strings */,
			);
			path = Localizable;
			sourceTree = "<group>";
		};
		7EB77D5C2B512C36001B0F2D /* App */ = {
			isa = PBXGroup;
			children = (
				7EA203922B47FE3200A9F2A3 /* AppDelegate.swift */,
			);
			path = App;
			sourceTree = "<group>";
		};
		7EB77D5D2B512C3B001B0F2D /* Coordinators */ = {
			isa = PBXGroup;
			children = (
				7EB77D692B51332C001B0F2D /* MainCoordinator */,
			);
			path = Coordinators;
			sourceTree = "<group>";
		};
		7EB77D5E2B512C45001B0F2D /* Protocols */ = {
			isa = PBXGroup;
			children = (
				7EB77D5F2B512C4F001B0F2D /* CoordinatorProtocol.swift */,
			);
			path = Protocols;
			sourceTree = "<group>";
		};
		7EB77D692B51332C001B0F2D /* MainCoordinator */ = {
			isa = PBXGroup;
			children = (
				7EB77D5E2B512C45001B0F2D /* Protocols */,
				7EB77D612B51305F001B0F2D /* AppCoordinator .swift */,
			);
			path = MainCoordinator;
			sourceTree = "<group>";
		};
		7EBC02172B4E5DB3004DCBE1 /* Formatters */ = {
			isa = PBXGroup;
			children = (
				7EBC021A2B4E5DDE004DCBE1 /* DateFormatter */,
			);
			path = Formatters;
			sourceTree = "<group>";
		};
		7EBC021A2B4E5DDE004DCBE1 /* DateFormatter */ = {
			isa = PBXGroup;
			children = (
				7EBC021B2B4E5DE5004DCBE1 /* Protocols */,
				7EBC02182B4E5DD7004DCBE1 /* DateFormatterService.swift */,
			);
			path = DateFormatter;
			sourceTree = "<group>";
		};
		7EBC021B2B4E5DE5004DCBE1 /* Protocols */ = {
			isa = PBXGroup;
			children = (
				7EBC021C2B4E5DEB004DCBE1 /* DateFormatterProtocol.swift */,
			);
			path = Protocols;
			sourceTree = "<group>";
		};
		7EBC021E2B4E81CF004DCBE1 /* NewTaskViewController */ = {
			isa = PBXGroup;
			children = (
				7EBC02362B4ECD9A004DCBE1 /* Protocols */,
				7EBC02212B4E8296004DCBE1 /* Views */,
				7EBC022B2B4EBDC4004DCBE1 /* TableViewDataProvider */,
				7EBC02322B4EC9F0004DCBE1 /* NewTaskViewViewModel.swift */,
				7EBC021F2B4E81E7004DCBE1 /* NewTaskViewController.swift */,
			);
			path = NewTaskViewController;
			sourceTree = "<group>";
		};
		7EBC02212B4E8296004DCBE1 /* Views */ = {
			isa = PBXGroup;
			children = (
				7EBC02282B4E8F05004DCBE1 /* CustomNewTaskInputInfoView */,
			);
			path = Views;
			sourceTree = "<group>";
		};
		7EBC02242B4E861E004DCBE1 /* CustomTaskNavigationView */ = {
			isa = PBXGroup;
			children = (
				7EBC02252B4E862C004DCBE1 /* Protocols */,
				7EBC02222B4E82B9004DCBE1 /* CustomTaskNavigationView.swift */,
			);
			path = CustomTaskNavigationView;
			sourceTree = "<group>";
		};
		7EBC02252B4E862C004DCBE1 /* Protocols */ = {
			isa = PBXGroup;
			children = (
				7EBC02262B4E8634004DCBE1 /* CustomTaskNavigationViewDelegate.swift */,
			);
			path = Protocols;
			sourceTree = "<group>";
		};
		7EBC02282B4E8F05004DCBE1 /* CustomNewTaskInputInfoView */ = {
			isa = PBXGroup;
			children = (
				7EBC023C2B4EDF9A004DCBE1 /* Protocols */,
				7EBC02292B4E8F2A004DCBE1 /* CustomNewTaskInputInfoView.swift */,
			);
			path = CustomNewTaskInputInfoView;
			sourceTree = "<group>";
		};
		7EBC022B2B4EBDC4004DCBE1 /* TableViewDataProvider */ = {
			isa = PBXGroup;
			children = (
				7EBC02392B4ED622004DCBE1 /* Protocols */,
				7EBC022C2B4EBDD1004DCBE1 /* NewTaskTableViewDataProvider.swift */,
				7EBC022E2B4EBE59004DCBE1 /* NewTaskTableViewDateCell.swift */,
			);
			path = TableViewDataProvider;
			sourceTree = "<group>";
		};
		7EBC02362B4ECD9A004DCBE1 /* Protocols */ = {
			isa = PBXGroup;
			children = (
				7EBC02372B4ECD9F004DCBE1 /* NewTaskViewViewModelProtocol.swift */,
			);
			path = Protocols;
			sourceTree = "<group>";
		};
		7EBC02392B4ED622004DCBE1 /* Protocols */ = {
			isa = PBXGroup;
			children = (
				7EBC023A2B4ED628004DCBE1 /* NewTaskTableViewDateCellDelegate.swift */,
			);
			path = Protocols;
			sourceTree = "<group>";
		};
		7EBC023C2B4EDF9A004DCBE1 /* Protocols */ = {
			isa = PBXGroup;
			children = (
				7EBC023D2B4EDFA1004DCBE1 /* CustomNewTaskInputInfoViewDelegate.swift */,
			);
			path = Protocols;
			sourceTree = "<group>";
		};
		7ED9A6F62B4D5B7B009D47CD /* DatabaseManager */ = {
			isa = PBXGroup;
			children = (
				7ED9A6F92B4D5BF0009D47CD /* Protocols */,
				7ED9A6F72B4D5B93009D47CD /* RealmManager.swift */,
			);
			path = DatabaseManager;
			sourceTree = "<group>";
		};
		7ED9A6F92B4D5BF0009D47CD /* Protocols */ = {
			isa = PBXGroup;
			children = (
				7ED9A6FA2B4D5BF6009D47CD /* DatabaseManagerProtocol.swift */,
			);
			path = Protocols;
			sourceTree = "<group>";
		};
		D706192B8098D65B89029043 /* Pods */ = {
			isa = PBXGroup;
			children = (
				5B12AB69FA40959495E2094C /* Pods-SimbirDiary.debug.xcconfig */,
				E63350FBBF31F411EC7C6FAA /* Pods-SimbirDiary.release.xcconfig */,
			);
			path = Pods;
			sourceTree = "<group>";
		};
/* End PBXGroup section */

/* Begin PBXNativeTarget section */
		7E5DCA9C2B5A8017007F996B /* SimbirDiaryTests */ = {
			isa = PBXNativeTarget;
			buildConfigurationList = 7E5DCAA32B5A8017007F996B /* Build configuration list for PBXNativeTarget "SimbirDiaryTests" */;
			buildPhases = (
				7E5DCA992B5A8017007F996B /* Sources */,
				7E5DCA9A2B5A8017007F996B /* Frameworks */,
				7E5DCA9B2B5A8017007F996B /* Resources */,
			);
			buildRules = (
			);
			dependencies = (
				7E5DCAA22B5A8017007F996B /* PBXTargetDependency */,
			);
			name = SimbirDiaryTests;
			productName = SimbirDiaryTests;
			productReference = 7E5DCA9D2B5A8017007F996B /* SimbirDiaryTests.xctest */;
			productType = "com.apple.product-type.bundle.unit-test";
		};
		7EA2038E2B47FE3200A9F2A3 /* SimbirDiary */ = {
			isa = PBXNativeTarget;
			buildConfigurationList = 7EA203A32B47FE3300A9F2A3 /* Build configuration list for PBXNativeTarget "SimbirDiary" */;
			buildPhases = (
				202B1EFBF0EC9798455B72FB /* [CP] Check Pods Manifest.lock */,
				7EA203B32B480B3C00A9F2A3 /* Swiftlint */,
				7EA203B22B48099900A9F2A3 /* SwiftGen */,
				7EA2038B2B47FE3200A9F2A3 /* Sources */,
				7EA2038C2B47FE3200A9F2A3 /* Frameworks */,
				7EA2038D2B47FE3200A9F2A3 /* Resources */,
				2BA59E8D8D0B82982AE7CD95 /* [CP] Embed Pods Frameworks */,
			);
			buildRules = (
			);
			dependencies = (
			);
			name = SimbirDiary;
			productName = SimbirDiary;
			productReference = 7EA2038F2B47FE3200A9F2A3 /* SimbirDiary.app */;
			productType = "com.apple.product-type.application";
		};
/* End PBXNativeTarget section */

/* Begin PBXProject section */
		7EA203872B47FE3200A9F2A3 /* Project object */ = {
			isa = PBXProject;
			attributes = {
				BuildIndependentTargetsInParallel = 1;
				LastSwiftUpdateCheck = 1520;
				LastUpgradeCheck = 1500;
				TargetAttributes = {
					7E5DCA9C2B5A8017007F996B = {
						CreatedOnToolsVersion = 15.2;
						TestTargetID = 7EA2038E2B47FE3200A9F2A3;
					};
					7EA2038E2B47FE3200A9F2A3 = {
						CreatedOnToolsVersion = 15.0.1;
					};
				};
			};
			buildConfigurationList = 7EA2038A2B47FE3200A9F2A3 /* Build configuration list for PBXProject "SimbirDiary" */;
			compatibilityVersion = "Xcode 14.0";
			developmentRegion = ru;
			hasScannedForEncodings = 0;
			knownRegions = (
				en,
				ru,
				Base,
			);
			mainGroup = 7EA203862B47FE3200A9F2A3;
			productRefGroup = 7EA203902B47FE3200A9F2A3 /* Products */;
			projectDirPath = "";
			projectRoot = "";
			targets = (
				7EA2038E2B47FE3200A9F2A3 /* SimbirDiary */,
				7E5DCA9C2B5A8017007F996B /* SimbirDiaryTests */,
			);
		};
/* End PBXProject section */

/* Begin PBXResourcesBuildPhase section */
		7E5DCA9B2B5A8017007F996B /* Resources */ = {
			isa = PBXResourcesBuildPhase;
			buildActionMask = 2147483647;
			files = (
			);
			runOnlyForDeploymentPostprocessing = 0;
		};
		7EA2038D2B47FE3200A9F2A3 /* Resources */ = {
			isa = PBXResourcesBuildPhase;
			buildActionMask = 2147483647;
			files = (
				7EA2039F2B47FE3300A9F2A3 /* LaunchScreen.storyboard in Resources */,
				7EA203AA2B4807FE00A9F2A3 /* Localizable.strings in Resources */,
				7EA2039C2B47FE3300A9F2A3 /* Assets.xcassets in Resources */,
			);
			runOnlyForDeploymentPostprocessing = 0;
		};
/* End PBXResourcesBuildPhase section */

/* Begin PBXShellScriptBuildPhase section */
		202B1EFBF0EC9798455B72FB /* [CP] Check Pods Manifest.lock */ = {
			isa = PBXShellScriptBuildPhase;
			buildActionMask = 2147483647;
			files = (
			);
			inputFileListPaths = (
			);
			inputPaths = (
				"${PODS_PODFILE_DIR_PATH}/Podfile.lock",
				"${PODS_ROOT}/Manifest.lock",
			);
			name = "[CP] Check Pods Manifest.lock";
			outputFileListPaths = (
			);
			outputPaths = (
				"$(DERIVED_FILE_DIR)/Pods-SimbirDiary-checkManifestLockResult.txt",
			);
			runOnlyForDeploymentPostprocessing = 0;
			shellPath = /bin/sh;
			shellScript = "diff \"${PODS_PODFILE_DIR_PATH}/Podfile.lock\" \"${PODS_ROOT}/Manifest.lock\" > /dev/null\nif [ $? != 0 ] ; then\n    # print error to STDERR\n    echo \"error: The sandbox is not in sync with the Podfile.lock. Run 'pod install' or update your CocoaPods installation.\" >&2\n    exit 1\nfi\n# This output is used by Xcode 'outputs' to avoid re-running this script phase.\necho \"SUCCESS\" > \"${SCRIPT_OUTPUT_FILE_0}\"\n";
			showEnvVarsInLog = 0;
		};
		2BA59E8D8D0B82982AE7CD95 /* [CP] Embed Pods Frameworks */ = {
			isa = PBXShellScriptBuildPhase;
			buildActionMask = 2147483647;
			files = (
			);
			inputFileListPaths = (
				"${PODS_ROOT}/Target Support Files/Pods-SimbirDiary/Pods-SimbirDiary-frameworks-${CONFIGURATION}-input-files.xcfilelist",
			);
			name = "[CP] Embed Pods Frameworks";
			outputFileListPaths = (
				"${PODS_ROOT}/Target Support Files/Pods-SimbirDiary/Pods-SimbirDiary-frameworks-${CONFIGURATION}-output-files.xcfilelist",
			);
			runOnlyForDeploymentPostprocessing = 0;
			shellPath = /bin/sh;
			shellScript = "\"${PODS_ROOT}/Target Support Files/Pods-SimbirDiary/Pods-SimbirDiary-frameworks.sh\"\n";
			showEnvVarsInLog = 0;
		};
		7EA203B22B48099900A9F2A3 /* SwiftGen */ = {
			isa = PBXShellScriptBuildPhase;
			alwaysOutOfDate = 1;
			buildActionMask = 2147483647;
			files = (
			);
			inputFileListPaths = (
			);
			inputPaths = (
			);
			name = SwiftGen;
			outputFileListPaths = (
			);
			outputPaths = (
			);
			runOnlyForDeploymentPostprocessing = 0;
			shellPath = /bin/sh;
			shellScript = "export PATH=\"$PATH:/opt/homebrew/bin\"\n\nif which swiftgen; then\n    swiftgen\nelse\n  echo \"warning: swiftgen not installed\"\nfi\n";
		};
		7EA203B32B480B3C00A9F2A3 /* Swiftlint */ = {
			isa = PBXShellScriptBuildPhase;
			alwaysOutOfDate = 1;
			buildActionMask = 2147483647;
			files = (
			);
			inputFileListPaths = (
			);
			inputPaths = (
			);
			name = Swiftlint;
			outputFileListPaths = (
			);
			outputPaths = (
			);
			runOnlyForDeploymentPostprocessing = 0;
			shellPath = /bin/sh;
			shellScript = "if [[ \"$(uname -m)\" == arm64 ]]; then\n    export PATH=\"/opt/homebrew/bin:$PATH\"\nfi\n\nif which swiftlint > /dev/null; then\n  swiftlint\nelse\n  echo \"warning: SwiftLint not installed, download from https://github.com/realm/SwiftLint\"\nfi\n";
		};
/* End PBXShellScriptBuildPhase section */

/* Begin PBXSourcesBuildPhase section */
		7E5DCA992B5A8017007F996B /* Sources */ = {
			isa = PBXSourcesBuildPhase;
			buildActionMask = 2147483647;
			files = (
				7E5DCAB32B5A803C007F996B /* DataProviderStumb.swift in Sources */,
				7E5DCAB22B5A803C007F996B /* DatabaseManagerStumb.swift in Sources */,
				7E5DCAB12B5A803C007F996B /* ToDoViewViewModelStumb.swift in Sources */,
				7E3C39772B5A94BF00A263E3 /* NewTaskViewViewModelStumb.swift in Sources */,
				7E3C39792B5ABDA600A263E3 /* TaskDetailViewViewModelStumb.swift in Sources */,
				7E5DCAA02B5A8017007F996B /* SimbirDiaryTests.swift in Sources */,
				7E5DCAB02B5A803C007F996B /* MainCoordinatorStumb.swift in Sources */,
			);
			runOnlyForDeploymentPostprocessing = 0;
		};
		7EA2038B2B47FE3200A9F2A3 /* Sources */ = {
			isa = PBXSourcesBuildPhase;
			buildActionMask = 2147483647;
			files = (
				7EBC022A2B4E8F2A004DCBE1 /* CustomNewTaskInputInfoView.swift in Sources */,
				7EB77D622B51305F001B0F2D /* AppCoordinator .swift in Sources */,
				7E8335362B4D2C88008E4C44 /* TimeBlock.swift in Sources */,
				7E83352F2B4D207A008E4C44 /* ToDoViewViewModel.swift in Sources */,
				7EBC02332B4EC9F0004DCBE1 /* NewTaskViewViewModel.swift in Sources */,
				7E8E69D32B51503B00135F46 /* TaskDetailViewController.swift in Sources */,
				7EBC02272B4E8634004DCBE1 /* CustomTaskNavigationViewDelegate.swift in Sources */,
				7ED9A6FB2B4D5BF6009D47CD /* DatabaseManagerProtocol.swift in Sources */,
				7E37CEBA2B48484200700075 /* CustomToDoListNavigationBarView.swift in Sources */,
				7EB77D602B512C4F001B0F2D /* CoordinatorProtocol.swift in Sources */,
				7E37CED42B4C4DD600700075 /* ToDoTableViewHeaderView.swift in Sources */,
				7E8335422B4D4045008E4C44 /* DataProviderProtocol.swift in Sources */,
				7E5DCA602B597FD9007F996B /* UserDefaultsService.swift in Sources */,
				7E4FDA9D2B57C28900582FA0 /* UIFont + Extension.swift in Sources */,
				7EBC022F2B4EBE59004DCBE1 /* NewTaskTableViewDateCell.swift in Sources */,
				7EBC02192B4E5DD7004DCBE1 /* DateFormatterService.swift in Sources */,
				7EA203972B47FE3200A9F2A3 /* ToDoViewController.swift in Sources */,
				7E37CED22B4C44BF00700075 /* UIConstants.swift in Sources */,
				7E4FDA9F2B57CBD900582FA0 /* UIColor + Extension.swift in Sources */,
				7E83353B2B4D336E008E4C44 /* CustomNavigationBarViewDelegate.swift in Sources */,
				7EBC02202B4E81E7004DCBE1 /* NewTaskViewController.swift in Sources */,
				7E83352B2B4D1F4B008E4C44 /* Task.swift in Sources */,
				7EBC022D2B4EBDD1004DCBE1 /* NewTaskTableViewDataProvider.swift in Sources */,
				7E8E69DB2B53E68500135F46 /* TaskDetailViewViewModel.swift in Sources */,
				7EBC02312B4EC852004DCBE1 /* UIViewController + Extension.swift in Sources */,
				7EBC02382B4ECD9F004DCBE1 /* NewTaskViewViewModelProtocol.swift in Sources */,
				7E8E69DE2B53E6A600135F46 /* TaskDetailViewViewModelProtocol.swift in Sources */,
				7EA203932B47FE3200A9F2A3 /* AppDelegate.swift in Sources */,
				7E37CED02B4C3E1B00700075 /* ToDoTableViewCell.swift in Sources */,
				7EBC021D2B4E5DEB004DCBE1 /* DateFormatterProtocol.swift in Sources */,
				7ED9A6F82B4D5B93009D47CD /* RealmManager.swift in Sources */,
				7E8335322B4D2095008E4C44 /* ToDoViewViewModelProtocol.swift in Sources */,
				7E8E69D92B52D0C100135F46 /* TaskDetailView.swift in Sources */,
				7E37CECE2B4C3CB900700075 /* ToDoViewControllerTableViewProvider.swift in Sources */,
				7E8335342B4D291D008E4C44 /* Observable.swift in Sources */,
				7E83353E2B4D4015008E4C44 /* DataProvider.swift in Sources */,
				7E4FDA9B2B579A2F00582FA0 /* ToDoListStumbView.swift in Sources */,
				7ED9A6FD2B4D5DED009D47CD /* TaskObject.swift in Sources */,
				7E37CEBC2B484C5500700075 /* Resources.swift in Sources */,
				7EBC023E2B4EDFA1004DCBE1 /* CustomNewTaskInputInfoViewDelegate.swift in Sources */,
				7E37CEC02B484D7400700075 /* UIView + Extension.swift in Sources */,
				7EBC02232B4E82B9004DCBE1 /* CustomTaskNavigationView.swift in Sources */,
				7EBC023B2B4ED628004DCBE1 /* NewTaskTableViewDateCellDelegate.swift in Sources */,
				7EA203B12B48098400A9F2A3 /* Strings+Generated.swift in Sources */,
			);
			runOnlyForDeploymentPostprocessing = 0;
		};
/* End PBXSourcesBuildPhase section */

/* Begin PBXTargetDependency section */
		7E5DCAA22B5A8017007F996B /* PBXTargetDependency */ = {
			isa = PBXTargetDependency;
			target = 7EA2038E2B47FE3200A9F2A3 /* SimbirDiary */;
			targetProxy = 7E5DCAA12B5A8017007F996B /* PBXContainerItemProxy */;
		};
/* End PBXTargetDependency section */

/* Begin PBXVariantGroup section */
		7EA2039D2B47FE3300A9F2A3 /* LaunchScreen.storyboard */ = {
			isa = PBXVariantGroup;
			children = (
				7E8E69D02B514E5400135F46 /* Base */,
			);
			name = LaunchScreen.storyboard;
			sourceTree = "<group>";
		};
		7EA203AC2B4807FE00A9F2A3 /* Localizable.strings */ = {
			isa = PBXVariantGroup;
			children = (
				7EA203AB2B4807FE00A9F2A3 /* en */,
				7EA203AE2B48083F00A9F2A3 /* ru */,
			);
			name = Localizable.strings;
			sourceTree = "<group>";
		};
/* End PBXVariantGroup section */

/* Begin XCBuildConfiguration section */
		7E5DCAA42B5A8017007F996B /* Debug */ = {
			isa = XCBuildConfiguration;
			buildSettings = {
				BUNDLE_LOADER = "$(TEST_HOST)";
				CODE_SIGN_STYLE = Automatic;
				CURRENT_PROJECT_VERSION = 1;
				DEVELOPMENT_TEAM = V7HYWRF575;
				ENABLE_USER_SCRIPT_SANDBOXING = YES;
				GENERATE_INFOPLIST_FILE = YES;
				IPHONEOS_DEPLOYMENT_TARGET = 12.0;
				MARKETING_VERSION = 1.0;
				PRODUCT_BUNDLE_IDENTIFIER = com.gmail.esplusnin.SimbirDiaryTests;
				PRODUCT_NAME = "$(TARGET_NAME)";
				SUPPORTED_PLATFORMS = "iphoneos iphonesimulator";
				SUPPORTS_MACCATALYST = NO;
				SUPPORTS_MAC_DESIGNED_FOR_IPHONE_IPAD = NO;
				SUPPORTS_XR_DESIGNED_FOR_IPHONE_IPAD = NO;
				SWIFT_EMIT_LOC_STRINGS = NO;
				SWIFT_VERSION = 5.0;
				TARGETED_DEVICE_FAMILY = 1;
				TEST_HOST = "$(BUILT_PRODUCTS_DIR)/SimbirDiary.app/$(BUNDLE_EXECUTABLE_FOLDER_PATH)/SimbirDiary";
			};
			name = Debug;
		};
		7E5DCAA52B5A8017007F996B /* Release */ = {
			isa = XCBuildConfiguration;
			buildSettings = {
				BUNDLE_LOADER = "$(TEST_HOST)";
				CODE_SIGN_STYLE = Automatic;
				CURRENT_PROJECT_VERSION = 1;
				DEVELOPMENT_TEAM = V7HYWRF575;
				ENABLE_USER_SCRIPT_SANDBOXING = YES;
				GENERATE_INFOPLIST_FILE = YES;
				IPHONEOS_DEPLOYMENT_TARGET = 12.0;
				MARKETING_VERSION = 1.0;
				PRODUCT_BUNDLE_IDENTIFIER = com.gmail.esplusnin.SimbirDiaryTests;
				PRODUCT_NAME = "$(TARGET_NAME)";
				SUPPORTED_PLATFORMS = "iphoneos iphonesimulator";
				SUPPORTS_MACCATALYST = NO;
				SUPPORTS_MAC_DESIGNED_FOR_IPHONE_IPAD = NO;
				SUPPORTS_XR_DESIGNED_FOR_IPHONE_IPAD = NO;
				SWIFT_EMIT_LOC_STRINGS = NO;
				SWIFT_VERSION = 5.0;
				TARGETED_DEVICE_FAMILY = 1;
				TEST_HOST = "$(BUILT_PRODUCTS_DIR)/SimbirDiary.app/$(BUNDLE_EXECUTABLE_FOLDER_PATH)/SimbirDiary";
			};
			name = Release;
		};
		7EA203A12B47FE3300A9F2A3 /* Debug */ = {
			isa = XCBuildConfiguration;
			buildSettings = {
				ALWAYS_SEARCH_USER_PATHS = NO;
				ASSETCATALOG_COMPILER_GENERATE_SWIFT_ASSET_SYMBOL_EXTENSIONS = YES;
				CLANG_ANALYZER_LOCALIZABILITY_NONLOCALIZED = YES;
				CLANG_ANALYZER_NONNULL = YES;
				CLANG_ANALYZER_NUMBER_OBJECT_CONVERSION = YES_AGGRESSIVE;
				CLANG_CXX_LANGUAGE_STANDARD = "gnu++20";
				CLANG_ENABLE_MODULES = YES;
				CLANG_ENABLE_OBJC_ARC = YES;
				CLANG_ENABLE_OBJC_WEAK = YES;
				CLANG_WARN_BLOCK_CAPTURE_AUTORELEASING = YES;
				CLANG_WARN_BOOL_CONVERSION = YES;
				CLANG_WARN_COMMA = YES;
				CLANG_WARN_CONSTANT_CONVERSION = YES;
				CLANG_WARN_DEPRECATED_OBJC_IMPLEMENTATIONS = YES;
				CLANG_WARN_DIRECT_OBJC_ISA_USAGE = YES_ERROR;
				CLANG_WARN_DOCUMENTATION_COMMENTS = YES;
				CLANG_WARN_EMPTY_BODY = YES;
				CLANG_WARN_ENUM_CONVERSION = YES;
				CLANG_WARN_INFINITE_RECURSION = YES;
				CLANG_WARN_INT_CONVERSION = YES;
				CLANG_WARN_NON_LITERAL_NULL_CONVERSION = YES;
				CLANG_WARN_OBJC_IMPLICIT_RETAIN_SELF = YES;
				CLANG_WARN_OBJC_LITERAL_CONVERSION = YES;
				CLANG_WARN_OBJC_ROOT_CLASS = YES_ERROR;
				CLANG_WARN_QUOTED_INCLUDE_IN_FRAMEWORK_HEADER = YES;
				CLANG_WARN_RANGE_LOOP_ANALYSIS = YES;
				CLANG_WARN_STRICT_PROTOTYPES = YES;
				CLANG_WARN_SUSPICIOUS_MOVE = YES;
				CLANG_WARN_UNGUARDED_AVAILABILITY = YES_AGGRESSIVE;
				CLANG_WARN_UNREACHABLE_CODE = YES;
				CLANG_WARN__DUPLICATE_METHOD_MATCH = YES;
				COPY_PHASE_STRIP = NO;
				DEBUG_INFORMATION_FORMAT = dwarf;
				ENABLE_STRICT_OBJC_MSGSEND = YES;
				ENABLE_TESTABILITY = YES;
				ENABLE_USER_SCRIPT_SANDBOXING = NO;
				GCC_C_LANGUAGE_STANDARD = gnu17;
				GCC_DYNAMIC_NO_PIC = NO;
				GCC_NO_COMMON_BLOCKS = YES;
				GCC_OPTIMIZATION_LEVEL = 0;
				GCC_PREPROCESSOR_DEFINITIONS = (
					"DEBUG=1",
					"$(inherited)",
				);
				GCC_WARN_64_TO_32_BIT_CONVERSION = YES;
				GCC_WARN_ABOUT_RETURN_TYPE = YES_ERROR;
				GCC_WARN_UNDECLARED_SELECTOR = YES;
				GCC_WARN_UNINITIALIZED_AUTOS = YES_AGGRESSIVE;
				GCC_WARN_UNUSED_FUNCTION = YES;
				GCC_WARN_UNUSED_VARIABLE = YES;
				IPHONEOS_DEPLOYMENT_TARGET = 12.0;
				LOCALIZATION_PREFERS_STRING_CATALOGS = YES;
				MTL_ENABLE_DEBUG_INFO = INCLUDE_SOURCE;
				MTL_FAST_MATH = YES;
				ONLY_ACTIVE_ARCH = YES;
				SDKROOT = iphoneos;
				SWIFT_ACTIVE_COMPILATION_CONDITIONS = "DEBUG $(inherited)";
				SWIFT_OPTIMIZATION_LEVEL = "-Onone";
			};
			name = Debug;
		};
		7EA203A22B47FE3300A9F2A3 /* Release */ = {
			isa = XCBuildConfiguration;
			buildSettings = {
				ALWAYS_SEARCH_USER_PATHS = NO;
				ASSETCATALOG_COMPILER_GENERATE_SWIFT_ASSET_SYMBOL_EXTENSIONS = YES;
				CLANG_ANALYZER_LOCALIZABILITY_NONLOCALIZED = YES;
				CLANG_ANALYZER_NONNULL = YES;
				CLANG_ANALYZER_NUMBER_OBJECT_CONVERSION = YES_AGGRESSIVE;
				CLANG_CXX_LANGUAGE_STANDARD = "gnu++20";
				CLANG_ENABLE_MODULES = YES;
				CLANG_ENABLE_OBJC_ARC = YES;
				CLANG_ENABLE_OBJC_WEAK = YES;
				CLANG_WARN_BLOCK_CAPTURE_AUTORELEASING = YES;
				CLANG_WARN_BOOL_CONVERSION = YES;
				CLANG_WARN_COMMA = YES;
				CLANG_WARN_CONSTANT_CONVERSION = YES;
				CLANG_WARN_DEPRECATED_OBJC_IMPLEMENTATIONS = YES;
				CLANG_WARN_DIRECT_OBJC_ISA_USAGE = YES_ERROR;
				CLANG_WARN_DOCUMENTATION_COMMENTS = YES;
				CLANG_WARN_EMPTY_BODY = YES;
				CLANG_WARN_ENUM_CONVERSION = YES;
				CLANG_WARN_INFINITE_RECURSION = YES;
				CLANG_WARN_INT_CONVERSION = YES;
				CLANG_WARN_NON_LITERAL_NULL_CONVERSION = YES;
				CLANG_WARN_OBJC_IMPLICIT_RETAIN_SELF = YES;
				CLANG_WARN_OBJC_LITERAL_CONVERSION = YES;
				CLANG_WARN_OBJC_ROOT_CLASS = YES_ERROR;
				CLANG_WARN_QUOTED_INCLUDE_IN_FRAMEWORK_HEADER = YES;
				CLANG_WARN_RANGE_LOOP_ANALYSIS = YES;
				CLANG_WARN_STRICT_PROTOTYPES = YES;
				CLANG_WARN_SUSPICIOUS_MOVE = YES;
				CLANG_WARN_UNGUARDED_AVAILABILITY = YES_AGGRESSIVE;
				CLANG_WARN_UNREACHABLE_CODE = YES;
				CLANG_WARN__DUPLICATE_METHOD_MATCH = YES;
				COPY_PHASE_STRIP = NO;
				DEBUG_INFORMATION_FORMAT = "dwarf-with-dsym";
				ENABLE_NS_ASSERTIONS = NO;
				ENABLE_STRICT_OBJC_MSGSEND = YES;
				ENABLE_USER_SCRIPT_SANDBOXING = NO;
				GCC_C_LANGUAGE_STANDARD = gnu17;
				GCC_NO_COMMON_BLOCKS = YES;
				GCC_WARN_64_TO_32_BIT_CONVERSION = YES;
				GCC_WARN_ABOUT_RETURN_TYPE = YES_ERROR;
				GCC_WARN_UNDECLARED_SELECTOR = YES;
				GCC_WARN_UNINITIALIZED_AUTOS = YES_AGGRESSIVE;
				GCC_WARN_UNUSED_FUNCTION = YES;
				GCC_WARN_UNUSED_VARIABLE = YES;
				IPHONEOS_DEPLOYMENT_TARGET = 12.0;
				LOCALIZATION_PREFERS_STRING_CATALOGS = YES;
				MTL_ENABLE_DEBUG_INFO = NO;
				MTL_FAST_MATH = YES;
				SDKROOT = iphoneos;
				SWIFT_COMPILATION_MODE = wholemodule;
				VALIDATE_PRODUCT = YES;
			};
			name = Release;
		};
		7EA203A42B47FE3300A9F2A3 /* Debug */ = {
			isa = XCBuildConfiguration;
			baseConfigurationReference = 5B12AB69FA40959495E2094C /* Pods-SimbirDiary.debug.xcconfig */;
			buildSettings = {
				ASSETCATALOG_COMPILER_APPICON_NAME = AppIcon;
				ASSETCATALOG_COMPILER_GLOBAL_ACCENT_COLOR_NAME = AccentColor;
				CODE_SIGN_STYLE = Automatic;
				CURRENT_PROJECT_VERSION = 1;
				DEVELOPMENT_TEAM = V7HYWRF575;
				GENERATE_INFOPLIST_FILE = YES;
				INFOPLIST_FILE = SimbirDiary/Resources/Info.plist;
				INFOPLIST_KEY_UIApplicationSupportsIndirectInputEvents = YES;
				INFOPLIST_KEY_UILaunchStoryboardName = LaunchScreen;
				INFOPLIST_KEY_UISupportedInterfaceOrientations = UIInterfaceOrientationPortrait;
				INFOPLIST_KEY_UISupportedInterfaceOrientations_iPad = "UIInterfaceOrientationLandscapeLeft UIInterfaceOrientationLandscapeRight UIInterfaceOrientationPortrait UIInterfaceOrientationPortraitUpsideDown";
				IPHONEOS_DEPLOYMENT_TARGET = 12.0;
				LD_RUNPATH_SEARCH_PATHS = (
					"$(inherited)",
					"@executable_path/Frameworks",
				);
				MARKETING_VERSION = 1.0;
				PRODUCT_BUNDLE_IDENTIFIER = com.gmail.esplusnin.SimbirDiary;
				PRODUCT_NAME = "$(TARGET_NAME)";
				SUPPORTED_PLATFORMS = "iphoneos iphonesimulator";
				SUPPORTS_MACCATALYST = NO;
				SUPPORTS_MAC_DESIGNED_FOR_IPHONE_IPAD = NO;
				SUPPORTS_XR_DESIGNED_FOR_IPHONE_IPAD = NO;
				SWIFT_EMIT_LOC_STRINGS = YES;
				SWIFT_VERSION = 5.0;
				TARGETED_DEVICE_FAMILY = 1;
			};
			name = Debug;
		};
		7EA203A52B47FE3300A9F2A3 /* Release */ = {
			isa = XCBuildConfiguration;
			baseConfigurationReference = E63350FBBF31F411EC7C6FAA /* Pods-SimbirDiary.release.xcconfig */;
			buildSettings = {
				ASSETCATALOG_COMPILER_APPICON_NAME = AppIcon;
				ASSETCATALOG_COMPILER_GLOBAL_ACCENT_COLOR_NAME = AccentColor;
				CODE_SIGN_STYLE = Automatic;
				CURRENT_PROJECT_VERSION = 1;
				DEVELOPMENT_TEAM = V7HYWRF575;
				GENERATE_INFOPLIST_FILE = YES;
				INFOPLIST_FILE = SimbirDiary/Resources/Info.plist;
				INFOPLIST_KEY_UIApplicationSupportsIndirectInputEvents = YES;
				INFOPLIST_KEY_UILaunchStoryboardName = LaunchScreen;
				INFOPLIST_KEY_UISupportedInterfaceOrientations = UIInterfaceOrientationPortrait;
				INFOPLIST_KEY_UISupportedInterfaceOrientations_iPad = "UIInterfaceOrientationLandscapeLeft UIInterfaceOrientationLandscapeRight UIInterfaceOrientationPortrait UIInterfaceOrientationPortraitUpsideDown";
				IPHONEOS_DEPLOYMENT_TARGET = 12.0;
				LD_RUNPATH_SEARCH_PATHS = (
					"$(inherited)",
					"@executable_path/Frameworks",
				);
				MARKETING_VERSION = 1.0;
				PRODUCT_BUNDLE_IDENTIFIER = com.gmail.esplusnin.SimbirDiary;
				PRODUCT_NAME = "$(TARGET_NAME)";
				SUPPORTED_PLATFORMS = "iphoneos iphonesimulator";
				SUPPORTS_MACCATALYST = NO;
				SUPPORTS_MAC_DESIGNED_FOR_IPHONE_IPAD = NO;
				SUPPORTS_XR_DESIGNED_FOR_IPHONE_IPAD = NO;
				SWIFT_EMIT_LOC_STRINGS = YES;
				SWIFT_VERSION = 5.0;
				TARGETED_DEVICE_FAMILY = 1;
			};
			name = Release;
		};
/* End XCBuildConfiguration section */

/* Begin XCConfigurationList section */
		7E5DCAA32B5A8017007F996B /* Build configuration list for PBXNativeTarget "SimbirDiaryTests" */ = {
			isa = XCConfigurationList;
			buildConfigurations = (
				7E5DCAA42B5A8017007F996B /* Debug */,
				7E5DCAA52B5A8017007F996B /* Release */,
			);
			defaultConfigurationIsVisible = 0;
			defaultConfigurationName = Release;
		};
		7EA2038A2B47FE3200A9F2A3 /* Build configuration list for PBXProject "SimbirDiary" */ = {
			isa = XCConfigurationList;
			buildConfigurations = (
				7EA203A12B47FE3300A9F2A3 /* Debug */,
				7EA203A22B47FE3300A9F2A3 /* Release */,
			);
			defaultConfigurationIsVisible = 0;
			defaultConfigurationName = Release;
		};
		7EA203A32B47FE3300A9F2A3 /* Build configuration list for PBXNativeTarget "SimbirDiary" */ = {
			isa = XCConfigurationList;
			buildConfigurations = (
				7EA203A42B47FE3300A9F2A3 /* Debug */,
				7EA203A52B47FE3300A9F2A3 /* Release */,
			);
			defaultConfigurationIsVisible = 0;
			defaultConfigurationName = Release;
		};
/* End XCConfigurationList section */
	};
	rootObject = 7EA203872B47FE3200A9F2A3 /* Project object */;
}
